<?xml version="1.0" encoding="utf-8"?>
<Project ToolsVersion="4.0" xmlns="http://schemas.microsoft.com/developer/msbuild/2003">
  <ItemGroup>
    <Filter Include="Statistic">
      <UniqueIdentifier>{f0eed664-109d-43fc-b5d7-5725f5f635b0}</UniqueIdentifier>
    </Filter>
    <Filter Include="Base">
      <UniqueIdentifier>{bfdd3902-00ea-49f5-b556-8cb469de03f2}</UniqueIdentifier>
    </Filter>
  </ItemGroup>
  <ItemGroup>
    <ClCompile Include="Statistic.cpp">
      <Filter>Statistic</Filter>
    </ClCompile>
    <ClCompile Include="Statistic_Load.cpp">
      <Filter>Statistic</Filter>
    </ClCompile>
    <ClCompile Include="Statistic_Save.cpp">
      <Filter>Statistic</Filter>
    </ClCompile>
    <ClCompile Include="DbgOut.cpp">
      <Filter>Base</Filter>
    </ClCompile>
    <ClCompile Include="stdafx.cpp">
      <Filter>Base</Filter>
    </ClCompile>
    <ClCompile Include="xrStatisticConvert.cpp">
      <Filter>Base</Filter>
    </ClCompile>
  </ItemGroup>
  <ItemGroup>
    <ClInclude Include="Statistic.h">
      <Filter>Statistic</Filter>
    </ClInclude>
    <ClInclude Include="Definitions.h">
      <Filter>Base</Filter>
    </ClInclude>
    <ClInclude Include="stdafx.h">
      <Filter>Base</Filter>
    </ClInclude>
  </ItemGroup>
</Project>