
Microsoft Visual Studio Solution File, Format Version 12.00
# Visual Studio Version 17
VisualStudioVersion = 17.1.32414.318
MinimumVisualStudioVersion = 10.0.40219.1
Project("{8BC9CEB8-8B4A-11D0-8D11-00A0C91BC942}") = "libvorbis_static", "3rd_party\Src\Xiph\libvorbis\win32\VS2010\libvorbis\libvorbis_static.vcxproj", "{0F3163C6-FAE6-4FBD-BF88-037EB0420DAF}"
EndProject
Project("{2150E333-8FDC-42A3-9474-1A3956D46DE8}") = "3rd_party", "3rd_party", "{240AEFB4-B8D3-465D-BFE0-D3700EC0485C}"
EndProject
Project("{2150E333-8FDC-42A3-9474-1A3956D46DE8}") = "Xiph.org", "Xiph.org", "{8EACF75B-F610-4E3A-AD96-4B1D05C46574}"
EndProject
Project("{8BC9CEB8-8B4A-11D0-8D11-00A0C91BC942}") = "libvorbisfile_static", "3rd_party\Src\Xiph\libvorbis\win32\VS2010\libvorbisfile\libvorbisfile_static.vcxproj", "{CEBDE98B-A6AA-46E6-BC79-FAAF823DB9EC}"
EndProject
Project("{8BC9CEB8-8B4A-11D0-8D11-00A0C91BC942}") = "libtheora_static", "3rd_party\Src\Xiph\libtheora\win32\VS2010\libtheora_static.vcxproj", "{D6AEA327-48BC-45C8-B0E9-BF775E451904}"
EndProject
Project("{8BC9CEB8-8B4A-11D0-8D11-00A0C91BC942}") = "libogg_static", "3rd_party\Src\Xiph\libogg\win32\VS2010\libogg_static.vcxproj", "{1659BF1B-6FCD-46E4-B5D4-0B760598CB2E}"
EndProject
Project("{8BC9CEB8-8B4A-11D0-8D11-00A0C91BC942}") = "lzo", "3rd_party\Src\lzo\lzo.vcxproj", "{1B71D5DF-C005-4B3F-822A-345255173F0B}"
EndProject
Project("{8BC9CEB8-8B4A-11D0-8D11-00A0C91BC942}") = "ode", "3rd_party\Src\ode\contrib\msvc7\ode_default\default.vcxproj", "{1BF75FEB-87DD-486C-880B-227987D191C2}"
EndProject
Project("{8BC9CEB8-8B4A-11D0-8D11-00A0C91BC942}") = "imgui", "3rd_party\Src\imgui\imgui.vcxproj", "{C8FBC3CE-D6DE-4FC3-BC15-7B647614DB09}"
EndProject
Project("{8BC9CEB8-8B4A-11D0-8D11-00A0C91BC942}") = "xrCore", "ogsr_engine\xrCore\xrCore.vcxproj", "{A0F7D1FB-59A7-4717-A7E4-96F37E91998E}"
	ProjectSection(ProjectDependencies) = postProject
		{1B71D5DF-C005-4B3F-822A-345255173F0B} = {1B71D5DF-C005-4B3F-822A-345255173F0B}
		{ABB5EAE7-B3E6-432E-B636-333449892EA6} = {ABB5EAE7-B3E6-432E-B636-333449892EA6}
		{CF0ABA8F-E803-3A6E-8969-ECFE88B85AED} = {CF0ABA8F-E803-3A6E-8969-ECFE88B85AED}
	EndProjectSection
EndProject
Project("{8BC9CEB8-8B4A-11D0-8D11-00A0C91BC942}") = "Luabind", "ogsr_engine\Luabind\luabind.vcxproj", "{CCD4AFAE-AA10-42C6-A452-FDEE497CCDF1}"
	ProjectSection(ProjectDependencies) = postProject
		{632AEEB6-DC06-4E15-9551-B2B09A4B73C5} = {632AEEB6-DC06-4E15-9551-B2B09A4B73C5}
		{A0F7D1FB-59A7-4717-A7E4-96F37E91998E} = {A0F7D1FB-59A7-4717-A7E4-96F37E91998E}
	EndProjectSection
EndProject
Project("{8BC9CEB8-8B4A-11D0-8D11-00A0C91BC942}") = "xrCDB", "ogsr_engine\xrCDB\xrCDB.vcxproj", "{A19B1DF2-82EC-4364-8BDF-85D13A1C89B5}"
EndProject
Project("{8BC9CEB8-8B4A-11D0-8D11-00A0C91BC942}") = "xrSound", "ogsr_engine\xrSound\xrSound.vcxproj", "{CCCA7859-EB86-493E-9B53-C4235F45B3C5}"
	ProjectSection(ProjectDependencies) = postProject
		{0F3163C6-FAE6-4FBD-BF88-037EB0420DAF} = {0F3163C6-FAE6-4FBD-BF88-037EB0420DAF}
		{1659BF1B-6FCD-46E4-B5D4-0B760598CB2E} = {1659BF1B-6FCD-46E4-B5D4-0B760598CB2E}
		{CEBDE98B-A6AA-46E6-BC79-FAAF823DB9EC} = {CEBDE98B-A6AA-46E6-BC79-FAAF823DB9EC}
	EndProjectSection
EndProject
Project("{8BC9CEB8-8B4A-11D0-8D11-00A0C91BC942}") = "xrParticles", "ogsr_engine\xrParticles\xrParticles.vcxproj", "{94A1C366-3D19-48E6-8170-4ADC2E70DF97}"
EndProject
Project("{8BC9CEB8-8B4A-11D0-8D11-00A0C91BC942}") = "XR_3DA", "ogsr_engine\xr_3da\XR_3DA.vcxproj", "{2578C6D8-660D-48AE-9322-7422F8664F06}"
	ProjectSection(ProjectDependencies) = postProject
		{200652A6-043E-4634-8837-87983B3BD5E0} = {200652A6-043E-4634-8837-87983B3BD5E0}
		{AC9B12ED-A2D7-4337-A981-5BD8430E96D8} = {AC9B12ED-A2D7-4337-A981-5BD8430E96D8}
		{CCD4AFAE-AA10-42C6-A452-FDEE497CCDF1} = {CCD4AFAE-AA10-42C6-A452-FDEE497CCDF1}
		{D6AEA327-48BC-45C8-B0E9-BF775E451904} = {D6AEA327-48BC-45C8-B0E9-BF775E451904}
	EndProjectSection
EndProject
Project("{8BC9CEB8-8B4A-11D0-8D11-00A0C91BC942}") = "xrGame", "ogsr_engine\xrGame\xrGame.vcxproj", "{200652A6-043E-4634-8837-87983B3BD5E0}"
	ProjectSection(ProjectDependencies) = postProject
		{1BF75FEB-87DD-486C-880B-227987D191C2} = {1BF75FEB-87DD-486C-880B-227987D191C2}
		{CCD4AFAE-AA10-42C6-A452-FDEE497CCDF1} = {CCD4AFAE-AA10-42C6-A452-FDEE497CCDF1}
	EndProjectSection
EndProject
Project("{2150E333-8FDC-42A3-9474-1A3956D46DE8}") = "Lua", "Lua", "{9078A8EF-616E-429A-B12A-EFE5CEC60330}"
EndProject
Project("{8BC9CEB8-8B4A-11D0-8D11-00A0C91BC942}") = "LuaJIT", "ogsr_engine\LuaJIT\src\luajit.vcxproj", "{632AEEB6-DC06-4E15-9551-B2B09A4B73C5}"
EndProject
Project("{2150E333-8FDC-42A3-9474-1A3956D46DE8}") = "Solution Items", "Solution Items", "{73C18BE5-9F9C-49C3-A2B9-9DE89498B70E}"
	ProjectSection(SolutionItems) = preProject
		ogsr_engine\xray.natvis = ogsr_engine\xray.natvis
	EndProjectSection
EndProject
Project("{2150E333-8FDC-42A3-9474-1A3956D46DE8}") = "Renders", "Renders", "{559DFEB1-3EDA-4F37-A9C5-E59D18E0EFDD}"
EndProject
Project("{8BC9CEB8-8B4A-11D0-8D11-00A0C91BC942}") = "xrRender_R4", "ogsr_engine\Layers\xrRenderPC_R4\xrRender_R4.vcxproj", "{AC9B12ED-A2D7-4337-A981-5BD8430E96D8}"
EndProject
Project("{2150E333-8FDC-42A3-9474-1A3956D46DE8}") = "DX", "DX", "{05F3414D-68C2-4B1A-9B25-159CEAE4F3C7}"
EndProject
Project("{8BC9CEB8-8B4A-11D0-8D11-00A0C91BC942}") = "DirectXTex", "3rd_party\Src\DirectXTex\DirectXTex.vcxproj", "{286CC988-2191-467A-9F6D-ABB7954D4F78}"
EndProject
Project("{8BC9CEB8-8B4A-11D0-8D11-00A0C91BC942}") = "libsquashfs", "3rd_party\Src\libsquashfs\libsquashfs.vcxproj", "{CF0ABA8F-E803-3A6E-8969-ECFE88B85AED}"
	ProjectSection(ProjectDependencies) = postProject
		{8BFD8150-94D5-4BF9-8A50-7BD9929A0850} = {8BFD8150-94D5-4BF9-8A50-7BD9929A0850}
		{9092C5CC-3E71-41B3-BF68-4A7BDD8A5476} = {9092C5CC-3E71-41B3-BF68-4A7BDD8A5476}
	EndProjectSection
EndProject
Project("{2150E333-8FDC-42A3-9474-1A3956D46DE8}") = "sqfs", "sqfs", "{36D591C7-65C7-A0D1-1CBC-10CDE441BDC8}"
EndProject
Project("{8BC9CEB8-8B4A-11D0-8D11-00A0C91BC942}") = "liblz4", "3rd_party\Src\lz4\liblz4.vcxproj", "{9092C5CC-3E71-41B3-BF68-4A7BDD8A5476}"
EndProject
Project("{8BC9CEB8-8B4A-11D0-8D11-00A0C91BC942}") = "libzstd", "3rd_party\Src\zstd\libzstd.vcxproj", "{8BFD8150-94D5-4BF9-8A50-7BD9929A0850}"
EndProject
Project("{8BC9CEB8-8B4A-11D0-8D11-00A0C91BC942}") = "mimalloc-lib", "3rd_party\Src\mimalloc\mimalloc-lib.vcxproj", "{ABB5EAE7-B3E6-432E-B636-333449892EA6}"
EndProject
Global
	GlobalSection(SolutionConfigurationPlatforms) = preSolution
		Debug|x64 = Debug|x64
		Release|x64 = Release|x64
	EndGlobalSection
	GlobalSection(ProjectConfigurationPlatforms) = postSolution
		{0F3163C6-FAE6-4FBD-BF88-037EB0420DAF}.Debug|x64.ActiveCfg = Debug|x64
		{0F3163C6-FAE6-4FBD-BF88-037EB0420DAF}.Debug|x64.Build.0 = Debug|x64
		{0F3163C6-FAE6-4FBD-BF88-037EB0420DAF}.Release|x64.ActiveCfg = Release|x64
		{0F3163C6-FAE6-4FBD-BF88-037EB0420DAF}.Release|x64.Build.0 = Release|x64
		{CEBDE98B-A6AA-46E6-BC79-FAAF823DB9EC}.Debug|x64.ActiveCfg = Debug|x64
		{CEBDE98B-A6AA-46E6-BC79-FAAF823DB9EC}.Debug|x64.Build.0 = Debug|x64
		{CEBDE98B-A6AA-46E6-BC79-FAAF823DB9EC}.Release|x64.ActiveCfg = Release|x64
		{CEBDE98B-A6AA-46E6-BC79-FAAF823DB9EC}.Release|x64.Build.0 = Release|x64
		{D6AEA327-48BC-45C8-B0E9-BF775E451904}.Debug|x64.ActiveCfg = Debug|x64
		{D6AEA327-48BC-45C8-B0E9-BF775E451904}.Debug|x64.Build.0 = Debug|x64
		{D6AEA327-48BC-45C8-B0E9-BF775E451904}.Release|x64.ActiveCfg = Release|x64
		{D6AEA327-48BC-45C8-B0E9-BF775E451904}.Release|x64.Build.0 = Release|x64
		{1659BF1B-6FCD-46E4-B5D4-0B760598CB2E}.Debug|x64.ActiveCfg = Debug|x64
		{1659BF1B-6FCD-46E4-B5D4-0B760598CB2E}.Debug|x64.Build.0 = Debug|x64
		{1659BF1B-6FCD-46E4-B5D4-0B760598CB2E}.Release|x64.ActiveCfg = Release|x64
		{1659BF1B-6FCD-46E4-B5D4-0B760598CB2E}.Release|x64.Build.0 = Release|x64
		{1B71D5DF-C005-4B3F-822A-345255173F0B}.Debug|x64.ActiveCfg = Debug|x64
		{1B71D5DF-C005-4B3F-822A-345255173F0B}.Debug|x64.Build.0 = Debug|x64
		{1B71D5DF-C005-4B3F-822A-345255173F0B}.Release|x64.ActiveCfg = Release|x64
		{1B71D5DF-C005-4B3F-822A-345255173F0B}.Release|x64.Build.0 = Release|x64
		{1BF75FEB-87DD-486C-880B-227987D191C2}.Debug|x64.ActiveCfg = Debug|x64
		{1BF75FEB-87DD-486C-880B-227987D191C2}.Debug|x64.Build.0 = Debug|x64
		{1BF75FEB-87DD-486C-880B-227987D191C2}.Release|x64.ActiveCfg = Release|x64
		{1BF75FEB-87DD-486C-880B-227987D191C2}.Release|x64.Build.0 = Release|x64
		{C8FBC3CE-D6DE-4FC3-BC15-7B647614DB09}.Debug|x64.ActiveCfg = Debug|x64
		{C8FBC3CE-D6DE-4FC3-BC15-7B647614DB09}.Debug|x64.Build.0 = Debug|x64
		{C8FBC3CE-D6DE-4FC3-BC15-7B647614DB09}.Release|x64.ActiveCfg = Release|x64
		{C8FBC3CE-D6DE-4FC3-BC15-7B647614DB09}.Release|x64.Build.0 = Release|x64
		{A0F7D1FB-59A7-4717-A7E4-96F37E91998E}.Debug|x64.ActiveCfg = Debug|x64
		{A0F7D1FB-59A7-4717-A7E4-96F37E91998E}.Debug|x64.Build.0 = Debug|x64
		{A0F7D1FB-59A7-4717-A7E4-96F37E91998E}.Release|x64.ActiveCfg = Release|x64
		{A0F7D1FB-59A7-4717-A7E4-96F37E91998E}.Release|x64.Build.0 = Release|x64
		{CCD4AFAE-AA10-42C6-A452-FDEE497CCDF1}.Debug|x64.ActiveCfg = Debug|x64
		{CCD4AFAE-AA10-42C6-A452-FDEE497CCDF1}.Debug|x64.Build.0 = Debug|x64
		{CCD4AFAE-AA10-42C6-A452-FDEE497CCDF1}.Release|x64.ActiveCfg = Release|x64
		{CCD4AFAE-AA10-42C6-A452-FDEE497CCDF1}.Release|x64.Build.0 = Release|x64
		{A19B1DF2-82EC-4364-8BDF-85D13A1C89B5}.Debug|x64.ActiveCfg = Debug|x64
		{A19B1DF2-82EC-4364-8BDF-85D13A1C89B5}.Debug|x64.Build.0 = Debug|x64
		{A19B1DF2-82EC-4364-8BDF-85D13A1C89B5}.Release|x64.ActiveCfg = Release|x64
		{A19B1DF2-82EC-4364-8BDF-85D13A1C89B5}.Release|x64.Build.0 = Release|x64
		{CCCA7859-EB86-493E-9B53-C4235F45B3C5}.Debug|x64.ActiveCfg = Debug|x64
		{CCCA7859-EB86-493E-9B53-C4235F45B3C5}.Debug|x64.Build.0 = Debug|x64
		{CCCA7859-EB86-493E-9B53-C4235F45B3C5}.Release|x64.ActiveCfg = Release|x64
		{CCCA7859-EB86-493E-9B53-C4235F45B3C5}.Release|x64.Build.0 = Release|x64
		{94A1C366-3D19-48E6-8170-4ADC2E70DF97}.Debug|x64.ActiveCfg = Debug|x64
		{94A1C366-3D19-48E6-8170-4ADC2E70DF97}.Debug|x64.Build.0 = Debug|x64
		{94A1C366-3D19-48E6-8170-4ADC2E70DF97}.Release|x64.ActiveCfg = Release|x64
		{94A1C366-3D19-48E6-8170-4ADC2E70DF97}.Release|x64.Build.0 = Release|x64
		{2578C6D8-660D-48AE-9322-7422F8664F06}.Debug|x64.ActiveCfg = Debug|x64
		{2578C6D8-660D-48AE-9322-7422F8664F06}.Debug|x64.Build.0 = Debug|x64
		{2578C6D8-660D-48AE-9322-7422F8664F06}.Release|x64.ActiveCfg = Release|x64
		{2578C6D8-660D-48AE-9322-7422F8664F06}.Release|x64.Build.0 = Release|x64
		{200652A6-043E-4634-8837-87983B3BD5E0}.Debug|x64.ActiveCfg = Debug|x64
		{200652A6-043E-4634-8837-87983B3BD5E0}.Debug|x64.Build.0 = Debug|x64
		{200652A6-043E-4634-8837-87983B3BD5E0}.Release|x64.ActiveCfg = Release|x64
		{200652A6-043E-4634-8837-87983B3BD5E0}.Release|x64.Build.0 = Release|x64
		{632AEEB6-DC06-4E15-9551-B2B09A4B73C5}.Debug|x64.ActiveCfg = Debug|x64
		{632AEEB6-DC06-4E15-9551-B2B09A4B73C5}.Debug|x64.Build.0 = Debug|x64
		{632AEEB6-DC06-4E15-9551-B2B09A4B73C5}.Release|x64.ActiveCfg = Release|x64
		{632AEEB6-DC06-4E15-9551-B2B09A4B73C5}.Release|x64.Build.0 = Release|x64
		{AC9B12ED-A2D7-4337-A981-5BD8430E96D8}.Debug|x64.ActiveCfg = Debug|x64
		{AC9B12ED-A2D7-4337-A981-5BD8430E96D8}.Debug|x64.Build.0 = Debug|x64
		{AC9B12ED-A2D7-4337-A981-5BD8430E96D8}.Release|x64.ActiveCfg = Release|x64
		{AC9B12ED-A2D7-4337-A981-5BD8430E96D8}.Release|x64.Build.0 = Release|x64
		{286CC988-2191-467A-9F6D-ABB7954D4F78}.Debug|x64.ActiveCfg = Debug|x64
		{286CC988-2191-467A-9F6D-ABB7954D4F78}.Debug|x64.Build.0 = Debug|x64
		{286CC988-2191-467A-9F6D-ABB7954D4F78}.Release|x64.ActiveCfg = Release|x64
		{286CC988-2191-467A-9F6D-ABB7954D4F78}.Release|x64.Build.0 = Release|x64
		{CF0ABA8F-E803-3A6E-8969-ECFE88B85AED}.Debug|x64.ActiveCfg = Debug|x64
		{CF0ABA8F-E803-3A6E-8969-ECFE88B85AED}.Debug|x64.Build.0 = Debug|x64
		{CF0ABA8F-E803-3A6E-8969-ECFE88B85AED}.Release|x64.ActiveCfg = Release|x64
		{CF0ABA8F-E803-3A6E-8969-ECFE88B85AED}.Release|x64.Build.0 = Release|x64
		{9092C5CC-3E71-41B3-BF68-4A7BDD8A5476}.Debug|x64.ActiveCfg = Debug|x64
		{9092C5CC-3E71-41B3-BF68-4A7BDD8A5476}.Debug|x64.Build.0 = Debug|x64
		{9092C5CC-3E71-41B3-BF68-4A7BDD8A5476}.Release|x64.ActiveCfg = Release|x64
		{9092C5CC-3E71-41B3-BF68-4A7BDD8A5476}.Release|x64.Build.0 = Release|x64
		{8BFD8150-94D5-4BF9-8A50-7BD9929A0850}.Debug|x64.ActiveCfg = Debug|x64
		{8BFD8150-94D5-4BF9-8A50-7BD9929A0850}.Debug|x64.Build.0 = Debug|x64
		{8BFD8150-94D5-4BF9-8A50-7BD9929A0850}.Release|x64.ActiveCfg = Release|x64
		{8BFD8150-94D5-4BF9-8A50-7BD9929A0850}.Release|x64.Build.0 = Release|x64
		{ABB5EAE7-B3E6-432E-B636-333449892EA6}.Debug|x64.ActiveCfg = Debug|x64
		{ABB5EAE7-B3E6-432E-B636-333449892EA6}.Debug|x64.Build.0 = Debug|x64
		{ABB5EAE7-B3E6-432E-B636-333449892EA6}.Release|x64.ActiveCfg = Release|x64
		{ABB5EAE7-B3E6-432E-B636-333449892EA6}.Release|x64.Build.0 = Release|x64
	EndGlobalSection
	GlobalSection(SolutionProperties) = preSolution
		HideSolutionNode = FALSE
	EndGlobalSection
	GlobalSection(NestedProjects) = preSolution
		{0F3163C6-FAE6-4FBD-BF88-037EB0420DAF} = {8EACF75B-F610-4E3A-AD96-4B1D05C46574}
		{8EACF75B-F610-4E3A-AD96-4B1D05C46574} = {240AEFB4-B8D3-465D-BFE0-D3700EC0485C}
		{CEBDE98B-A6AA-46E6-BC79-FAAF823DB9EC} = {8EACF75B-F610-4E3A-AD96-4B1D05C46574}
		{D6AEA327-48BC-45C8-B0E9-BF775E451904} = {8EACF75B-F610-4E3A-AD96-4B1D05C46574}
		{1659BF1B-6FCD-46E4-B5D4-0B760598CB2E} = {8EACF75B-F610-4E3A-AD96-4B1D05C46574}
		{1B71D5DF-C005-4B3F-822A-345255173F0B} = {240AEFB4-B8D3-465D-BFE0-D3700EC0485C}
		{1BF75FEB-87DD-486C-880B-227987D191C2} = {240AEFB4-B8D3-465D-BFE0-D3700EC0485C}
		{C8FBC3CE-D6DE-4FC3-BC15-7B647614DB09} = {240AEFB4-B8D3-465D-BFE0-D3700EC0485C}
		{CCD4AFAE-AA10-42C6-A452-FDEE497CCDF1} = {9078A8EF-616E-429A-B12A-EFE5CEC60330}
		{632AEEB6-DC06-4E15-9551-B2B09A4B73C5} = {9078A8EF-616E-429A-B12A-EFE5CEC60330}
		{AC9B12ED-A2D7-4337-A981-5BD8430E96D8} = {559DFEB1-3EDA-4F37-A9C5-E59D18E0EFDD}
		{05F3414D-68C2-4B1A-9B25-159CEAE4F3C7} = {240AEFB4-B8D3-465D-BFE0-D3700EC0485C}
		{286CC988-2191-467A-9F6D-ABB7954D4F78} = {05F3414D-68C2-4B1A-9B25-159CEAE4F3C7}
		{CF0ABA8F-E803-3A6E-8969-ECFE88B85AED} = {36D591C7-65C7-A0D1-1CBC-10CDE441BDC8}
		{36D591C7-65C7-A0D1-1CBC-10CDE441BDC8} = {240AEFB4-B8D3-465D-BFE0-D3700EC0485C}
		{9092C5CC-3E71-41B3-BF68-4A7BDD8A5476} = {36D591C7-65C7-A0D1-1CBC-10CDE441BDC8}
		{8BFD8150-94D5-4BF9-8A50-7BD9929A0850} = {36D591C7-65C7-A0D1-1CBC-10CDE441BDC8}
		{ABB5EAE7-B3E6-432E-B636-333449892EA6} = {240AEFB4-B8D3-465D-BFE0-D3700EC0485C}
	EndGlobalSection
	GlobalSection(ExtensibilityGlobals) = postSolution
		SolutionGuid = {1F9B04CC-5248-4AE5-97B7-66A0D0E5AA5E}
	EndGlobalSection
EndGlobal
