<?xml version="1.0" encoding="utf-8"?>
<Project ToolsVersion="4.0" xmlns="http://schemas.microsoft.com/developer/msbuild/2003">
  <ItemGroup>
    <Filter Include="Source Files">
      <UniqueIdentifier>{4FC737F1-C7A5-4376-A066-2A32D752A2FF}</UniqueIdentifier>
      <Extensions>cpp;c;cxx;def;odl;idl;hpj;bat;asm;asmx</Extensions>
    </Filter>
    <Filter Include="Header Files">
      <UniqueIdentifier>{93995380-89BD-4b04-88EB-625FBE52EBFB}</UniqueIdentifier>
      <Extensions>h;hpp;hxx;hm;inl;inc;xsd</Extensions>
    </Filter>
    <Filter Include="Resource Files">
      <UniqueIdentifier>{67DA6AB6-F800-4c08-8B7A-83BB121AAD01}</UniqueIdentifier>
      <Extensions>rc;ico;cur;bmp;dlg;rc2;rct;bin;rgs;gif;jpg;jpeg;jpe;resx</Extensions>
    </Filter>
    <Filter Include="GameSpy.net">
      <UniqueIdentifier>{467f0b59-cf03-4fe0-b904-0b1f64b355ad}</UniqueIdentifier>
    </Filter>
    <Filter Include="GameSpy.net\Common Headers">
      <UniqueIdentifier>{032499f5-3834-4a1e-a68d-fc9f5bb8df6e}</UniqueIdentifier>
    </Filter>
    <Filter Include="GameSpy.net\Common Sources">
      <UniqueIdentifier>{97f0c1d6-9e29-4979-afad-0daac6f734ea}</UniqueIdentifier>
    </Filter>
    <Filter Include="GameSpy.net\SB Sources">
      <UniqueIdentifier>{655d6901-0a8f-4e1d-a1c7-157b8ef4abeb}</UniqueIdentifier>
      <Extensions>*.c</Extensions>
    </Filter>
    <Filter Include="GameSpy.net\SB Headers">
      <UniqueIdentifier>{2065ed54-54d8-42d2-ba53-f87f3443cb52}</UniqueIdentifier>
      <Extensions>*.h</Extensions>
    </Filter>
  </ItemGroup>
  <ItemGroup>
    <ClCompile Include="CDKeyDlg.cpp">
      <Filter>Source Files</Filter>
    </ClCompile>
    <ClCompile Include="ClientDlg.cpp">
      <Filter>Source Files</Filter>
    </ClCompile>
    <ClCompile Include="GameSpyFuncs.cpp">
      <Filter>Source Files</Filter>
    </ClCompile>
    <ClCompile Include="Misc_Ruts.cpp">
      <Filter>Source Files</Filter>
    </ClCompile>
    <ClCompile Include="PasswordDlg.cpp">
      <Filter>Source Files</Filter>
    </ClCompile>
    <ClCompile Include="PortsDlg.cpp">
      <Filter>Source Files</Filter>
    </ClCompile>
    <ClCompile Include="ServerDlg.cpp">
      <Filter>Source Files</Filter>
    </ClCompile>
    <ClCompile Include="ServerOpts.cpp">
      <Filter>Source Files</Filter>
    </ClCompile>
    <ClCompile Include="Stalker_net.cpp">
      <Filter>Source Files</Filter>
    </ClCompile>
    <ClCompile Include="Stalker_netDlg.cpp">
      <Filter>Source Files</Filter>
    </ClCompile>
    <ClCompile Include="stdafx.cpp">
      <Filter>Source Files</Filter>
    </ClCompile>
    <ClCompile Include="SubDlg.cpp">
      <Filter>Source Files</Filter>
    </ClCompile>
    <ClCompile Include="SVGameOptDlg.cpp">
      <Filter>Source Files</Filter>
    </ClCompile>
    <ClCompile Include="SVGameTypeDlg.cpp">
      <Filter>Source Files</Filter>
    </ClCompile>
    <ClCompile Include="SVRespawnDlg.cpp">
      <Filter>Source Files</Filter>
    </ClCompile>
    <ClCompile Include="SVServerOptDlg.cpp">
      <Filter>Source Files</Filter>
    </ClCompile>
    <ClCompile Include="SVSpectatorDlg.cpp">
      <Filter>Source Files</Filter>
    </ClCompile>
    <ClCompile Include="SVWeatherOptions.cpp">
      <Filter>Source Files</Filter>
    </ClCompile>
    <ClCompile Include="GameSpy.net\darray.c">
      <Filter>GameSpy.net\Common Sources</Filter>
    </ClCompile>
    <ClCompile Include="GameSpy.net\common\gsAssert.c">
      <Filter>GameSpy.net\Common Sources</Filter>
    </ClCompile>
    <ClCompile Include="GameSpy.net\common\gsAvailable.c">
      <Filter>GameSpy.net\Common Sources</Filter>
    </ClCompile>
    <ClCompile Include="GameSpy.net\common\gsDebug.c">
      <Filter>GameSpy.net\Common Sources</Filter>
    </ClCompile>
    <ClCompile Include="GameSpy.net\common\gsMemory.c">
      <Filter>GameSpy.net\Common Sources</Filter>
    </ClCompile>
    <ClCompile Include="GameSpy.net\common\gsPlatform.c">
      <Filter>GameSpy.net\Common Sources</Filter>
    </ClCompile>
    <ClCompile Include="GameSpy.net\common\gsPlatformSocket.c">
      <Filter>GameSpy.net\Common Sources</Filter>
    </ClCompile>
    <ClCompile Include="GameSpy.net\common\gsPlatformThread.c">
      <Filter>GameSpy.net\Common Sources</Filter>
    </ClCompile>
    <ClCompile Include="GameSpy.net\common\gsPlatformUtil.c">
      <Filter>GameSpy.net\Common Sources</Filter>
    </ClCompile>
    <ClCompile Include="GameSpy.net\common\win32\gsSocketWin32.c">
      <Filter>GameSpy.net\Common Sources</Filter>
    </ClCompile>
    <ClCompile Include="GameSpy.net\common\gsStringUtil.c">
      <Filter>GameSpy.net\Common Sources</Filter>
    </ClCompile>
    <ClCompile Include="GameSpy.net\common\win32\gsThreadWin32.c">
      <Filter>GameSpy.net\Common Sources</Filter>
    </ClCompile>
    <ClCompile Include="GameSpy.net\hashtable.c">
      <Filter>GameSpy.net\Common Sources</Filter>
    </ClCompile>
    <ClCompile Include="GameSpy.net\md5c.c">
      <Filter>GameSpy.net\Common Sources</Filter>
    </ClCompile>
    <ClCompile Include="GameSpy.net\nonport.c">
      <Filter>GameSpy.net\Common Sources</Filter>
    </ClCompile>
    <ClCompile Include="GameSpy.net\qr2\qr2regkeys.c">
      <Filter>GameSpy.net\Common Sources</Filter>
    </ClCompile>
    <ClCompile Include="GameSpy.net\common\win32\Win32Common.c">
      <Filter>GameSpy.net\Common Sources</Filter>
    </ClCompile>
    <ClCompile Include="GameSpy.net\ServerBrowsing\sb_crypt.c">
      <Filter>GameSpy.net\SB Sources</Filter>
    </ClCompile>
    <ClCompile Include="GameSpy.net\ServerBrowsing\sb_queryengine.c">
      <Filter>GameSpy.net\SB Sources</Filter>
    </ClCompile>
    <ClCompile Include="GameSpy.net\ServerBrowsing\sb_server.c">
      <Filter>GameSpy.net\SB Sources</Filter>
    </ClCompile>
    <ClCompile Include="GameSpy.net\ServerBrowsing\sb_serverbrowsing.c">
      <Filter>GameSpy.net\SB Sources</Filter>
    </ClCompile>
    <ClCompile Include="GameSpy.net\ServerBrowsing\sb_serverlist.c">
      <Filter>GameSpy.net\SB Sources</Filter>
    </ClCompile>
  </ItemGroup>
  <ItemGroup>
    <ClInclude Include="CDKeyDlg.h">
      <Filter>Header Files</Filter>
    </ClInclude>
    <ClInclude Include="ClientDlg.h">
      <Filter>Header Files</Filter>
    </ClInclude>
    <ClInclude Include="GameSpyFuncs.h">
      <Filter>Header Files</Filter>
    </ClInclude>
    <ClInclude Include="GameTypes.h">
      <Filter>Header Files</Filter>
    </ClInclude>
    <ClInclude Include="Misc_Ruts.h">
      <Filter>Header Files</Filter>
    </ClInclude>
    <ClInclude Include="PasswordDlg.h">
      <Filter>Header Files</Filter>
    </ClInclude>
    <ClInclude Include="PortsDlg.h">
      <Filter>Header Files</Filter>
    </ClInclude>
    <ClInclude Include="Resource.h">
      <Filter>Header Files</Filter>
    </ClInclude>
    <ClInclude Include="ServerDlg.h">
      <Filter>Header Files</Filter>
    </ClInclude>
    <ClInclude Include="ServerOpts.h">
      <Filter>Header Files</Filter>
    </ClInclude>
    <ClInclude Include="Stalker_net.h">
      <Filter>Header Files</Filter>
    </ClInclude>
    <ClInclude Include="Stalker_netDlg.h">
      <Filter>Header Files</Filter>
    </ClInclude>
    <ClInclude Include="stdafx.h">
      <Filter>Header Files</Filter>
    </ClInclude>
    <ClInclude Include="SubDlg.h">
      <Filter>Header Files</Filter>
    </ClInclude>
    <ClInclude Include="SVGameOptDlg.h">
      <Filter>Header Files</Filter>
    </ClInclude>
    <ClInclude Include="SVGameTypeDlg.h">
      <Filter>Header Files</Filter>
    </ClInclude>
    <ClInclude Include="SVRespawnDlg.h">
      <Filter>Header Files</Filter>
    </ClInclude>
    <ClInclude Include="SVServerOptDlg.h">
      <Filter>Header Files</Filter>
    </ClInclude>
    <ClInclude Include="SVSpectatorDlg.h">
      <Filter>Header Files</Filter>
    </ClInclude>
    <ClInclude Include="SVWeatherOptions.h">
      <Filter>Header Files</Filter>
    </ClInclude>
    <ClInclude Include="Version_Define.h">
      <Filter>Header Files</Filter>
    </ClInclude>
    <ClInclude Include="GameSpy.net\darray.h">
      <Filter>GameSpy.net\Common Headers</Filter>
    </ClInclude>
    <ClInclude Include="GameSpy.net\common\gsAssert.h">
      <Filter>GameSpy.net\Common Headers</Filter>
    </ClInclude>
    <ClInclude Include="GameSpy.net\common\gsAvailable.h">
      <Filter>GameSpy.net\Common Headers</Filter>
    </ClInclude>
    <ClInclude Include="GameSpy.net\common\gsCommon.h">
      <Filter>GameSpy.net\Common Headers</Filter>
    </ClInclude>
    <ClInclude Include="GameSpy.net\common\gsDebug.h">
      <Filter>GameSpy.net\Common Headers</Filter>
    </ClInclude>
    <ClInclude Include="GameSpy.net\common\gsMemory.h">
      <Filter>GameSpy.net\Common Headers</Filter>
    </ClInclude>
    <ClInclude Include="GameSpy.net\common\gsPlatform.h">
      <Filter>GameSpy.net\Common Headers</Filter>
    </ClInclude>
    <ClInclude Include="GameSpy.net\common\gsPlatformSocket.h">
      <Filter>GameSpy.net\Common Headers</Filter>
    </ClInclude>
    <ClInclude Include="GameSpy.net\common\gsPlatformThread.h">
      <Filter>GameSpy.net\Common Headers</Filter>
    </ClInclude>
    <ClInclude Include="GameSpy.net\common\gsPlatformUtil.h">
      <Filter>GameSpy.net\Common Headers</Filter>
    </ClInclude>
    <ClInclude Include="GameSpy.net\common\gsStringUtil.h">
      <Filter>GameSpy.net\Common Headers</Filter>
    </ClInclude>
    <ClInclude Include="GameSpy.net\hashtable.h">
      <Filter>GameSpy.net\Common Headers</Filter>
    </ClInclude>
    <ClInclude Include="GameSpy.net\md5.h">
      <Filter>GameSpy.net\Common Headers</Filter>
    </ClInclude>
    <ClInclude Include="GameSpy.net\nonport.h">
      <Filter>GameSpy.net\Common Headers</Filter>
    </ClInclude>
    <ClInclude Include="GameSpy.net\qr2\qr2regkeys.h">
      <Filter>GameSpy.net\Common Headers</Filter>
    </ClInclude>
    <ClInclude Include="GameSpy.net\ServerBrowsing\sb_ascii.h">
      <Filter>GameSpy.net\SB Headers</Filter>
    </ClInclude>
    <ClInclude Include="GameSpy.net\ServerBrowsing\sb_crypt.h">
      <Filter>GameSpy.net\SB Headers</Filter>
    </ClInclude>
    <ClInclude Include="GameSpy.net\ServerBrowsing\sb_internal.h">
      <Filter>GameSpy.net\SB Headers</Filter>
    </ClInclude>
    <ClInclude Include="GameSpy.net\ServerBrowsing\sb_serverbrowsing.h">
      <Filter>GameSpy.net\SB Headers</Filter>
    </ClInclude>
  </ItemGroup>
  <ItemGroup>
    <None Include="res\icon1.ico">
      <Filter>Resource Files</Filter>
    </None>
    <None Include="res\IconList.bmp">
      <Filter>Resource Files</Filter>
    </None>
    <None Include="res\IconList16.bmp">
      <Filter>Resource Files</Filter>
    </None>
    <None Include="res\IconList24.bmp">
      <Filter>Resource Files</Filter>
    </None>
    <None Include="res\IconList32.bmp">
      <Filter>Resource Files</Filter>
    </None>
    <None Include="res\idr_main.ico">
      <Filter>Resource Files</Filter>
    </None>
    <None Include="res\powered_by_gamespy_web_130x30.bmp">
      <Filter>Resource Files</Filter>
    </None>
    <None Include="res\powered_by_gamespy_web_261x50.bmp">
      <Filter>Resource Files</Filter>
    </None>
    <None Include="res\Stalker_net.ico">
      <Filter>Resource Files</Filter>
    </None>
    <None Include="res\Stalker_net.rc2">
      <Filter>Resource Files</Filter>
    </None>
  </ItemGroup>
  <ItemGroup>
    <ResourceCompile Include="Stalker_net.rc">
      <Filter>Resource Files</Filter>
    </ResourceCompile>
  </ItemGroup>
  <ItemGroup>
    <CustomBuildStep Include="res\Stalker_net.manifest" />
  </ItemGroup>
</Project>