<?xml version="1.0" encoding="utf-8"?>
<Project ToolsVersion="4.0" xmlns="http://schemas.microsoft.com/developer/msbuild/2003">
  <ItemGroup>
    <Filter Include="Kernel">
      <UniqueIdentifier>{6d66a133-02ea-4b0c-98b7-134df87c227d}</UniqueIdentifier>
    </Filter>
    <Filter Include="Core">
      <UniqueIdentifier>{9816a4bf-baa8-4298-9949-45fd0da7dee8}</UniqueIdentifier>
    </Filter>
    <Filter Include="Core\OpenAL">
      <UniqueIdentifier>{c28f533d-c9f8-4b04-8ed3-7cb2b6f1e817}</UniqueIdentifier>
    </Filter>
    <Filter Include="Core\DSound">
      <UniqueIdentifier>{3fdbb5ec-e09d-4ba6-8004-027a935f0911}</UniqueIdentifier>
    </Filter>
    <Filter Include="Emitter">
      <UniqueIdentifier>{0434e3ad-a8e8-4cfb-82bb-f039e7216265}</UniqueIdentifier>
    </Filter>
    <Filter Include="Source">
      <UniqueIdentifier>{933a6165-d66c-4595-a9ce-78e26f5e0713}</UniqueIdentifier>
    </Filter>
    <Filter Include="Target">
      <UniqueIdentifier>{22b25275-d964-42b6-9105-2f24e18f8a88}</UniqueIdentifier>
    </Filter>
    <Filter Include="Environment">
      <UniqueIdentifier>{a9383bf2-1f74-4294-b076-6d437703d870}</UniqueIdentifier>
    </Filter>
    <Filter Include="Misc %28or old%29">
      <UniqueIdentifier>{37db8fc1-eb03-4852-ae16-2acb64809e14}</UniqueIdentifier>
    </Filter>
    <Filter Include="Cache">
      <UniqueIdentifier>{132c2ae4-2620-4e72-8317-06b86e63f115}</UniqueIdentifier>
    </Filter>
  </ItemGroup>
  <ItemGroup>
    <ClInclude Include="cl_intersect.h">
      <Filter>Kernel</Filter>
    </ClInclude>
    <ClInclude Include="Sound.h">
      <Filter>Kernel</Filter>
    </ClInclude>
    <ClInclude Include="SoundRender.h">
      <Filter>Kernel</Filter>
    </ClInclude>
    <ClInclude Include="stdafx.h">
      <Filter>Kernel</Filter>
    </ClInclude>
    <ClInclude Include="SoundRender_Core.h">
      <Filter>Core</Filter>
    </ClInclude>
    <ClInclude Include="OpenALDeviceList.h">
      <Filter>Core\OpenAL</Filter>
    </ClInclude>
    <ClInclude Include="SoundRender_CoreA.h">
      <Filter>Core\OpenAL</Filter>
    </ClInclude>
    <ClInclude Include="SoundRender_CoreD.h">
      <Filter>Core\DSound</Filter>
    </ClInclude>
    <ClInclude Include="SoundRender_Emitter.h">
      <Filter>Emitter</Filter>
    </ClInclude>
    <ClInclude Include="SoundRender_Source.h">
      <Filter>Source</Filter>
    </ClInclude>
    <ClInclude Include="SoundRender_Target.h">
      <Filter>Target</Filter>
    </ClInclude>
    <ClInclude Include="SoundRender_TargetA.h">
      <Filter>Target</Filter>
    </ClInclude>
    <ClInclude Include="SoundRender_TargetD.h">
      <Filter>Target</Filter>
    </ClInclude>
    <ClInclude Include="SoundRender_Environment.h">
      <Filter>Environment</Filter>
    </ClInclude>
    <ClInclude Include="MusicStream.h">
      <Filter>Misc %28or old%29</Filter>
    </ClInclude>
    <ClInclude Include="xr_cda.h">
      <Filter>Misc %28or old%29</Filter>
    </ClInclude>
    <ClInclude Include="xr_streamsnd.h">
      <Filter>Misc %28or old%29</Filter>
    </ClInclude>
    <ClInclude Include="SoundRender_Cache.h">
      <Filter>Cache</Filter>
    </ClInclude>
  </ItemGroup>
  <ItemGroup>
    <ClCompile Include="guids.cpp">
      <Filter>Kernel</Filter>
    </ClCompile>
    <ClCompile Include="sound.cpp">
      <Filter>Kernel</Filter>
    </ClCompile>
    <ClCompile Include="stdafx.cpp">
      <Filter>Kernel</Filter>
    </ClCompile>
    <ClCompile Include="SoundRender_Core.cpp">
      <Filter>Core</Filter>
    </ClCompile>
    <ClCompile Include="SoundRender_Core_Processor.cpp">
      <Filter>Core</Filter>
    </ClCompile>
    <ClCompile Include="SoundRender_Core_SourceManager.cpp">
      <Filter>Core</Filter>
    </ClCompile>
    <ClCompile Include="SoundRender_Core_StartStop.cpp">
      <Filter>Core</Filter>
    </ClCompile>
    <ClCompile Include="OpenALDeviceList.cpp">
      <Filter>Core\OpenAL</Filter>
    </ClCompile>
    <ClCompile Include="SoundRender_CoreA.cpp">
      <Filter>Core\OpenAL</Filter>
    </ClCompile>
    <ClCompile Include="SoundRender_CoreD.cpp">
      <Filter>Core\DSound</Filter>
    </ClCompile>
    <ClCompile Include="SoundRender_Emitter.cpp">
      <Filter>Emitter</Filter>
    </ClCompile>
    <ClCompile Include="SoundRender_Emitter_FSM.cpp">
      <Filter>Emitter</Filter>
    </ClCompile>
    <ClCompile Include="SoundRender_Emitter_StartStop.cpp">
      <Filter>Emitter</Filter>
    </ClCompile>
    <ClCompile Include="SoundRender_Emitter_streamer.cpp">
      <Filter>Emitter</Filter>
    </ClCompile>
    <ClCompile Include="SoundRender_Source.cpp">
      <Filter>Source</Filter>
    </ClCompile>
    <ClCompile Include="SoundRender_Source_loader.cpp">
      <Filter>Source</Filter>
    </ClCompile>
    <ClCompile Include="SoundRender_Target.cpp">
      <Filter>Target</Filter>
    </ClCompile>
    <ClCompile Include="SoundRender_TargetA.cpp">
      <Filter>Target</Filter>
    </ClCompile>
    <ClCompile Include="SoundRender_TargetD.cpp">
      <Filter>Target</Filter>
    </ClCompile>
    <ClCompile Include="SoundRender_Environment.cpp">
      <Filter>Environment</Filter>
    </ClCompile>
    <ClCompile Include="MusicStream.cpp">
      <Filter>Misc %28or old%29</Filter>
    </ClCompile>
    <ClCompile Include="xr_cda.cpp">
      <Filter>Misc %28or old%29</Filter>
    </ClCompile>
    <ClCompile Include="xr_streamsnd.cpp">
      <Filter>Misc %28or old%29</Filter>
    </ClCompile>
    <ClCompile Include="SoundRender_Cache.cpp">
      <Filter>Cache</Filter>
    </ClCompile>
  </ItemGroup>
</Project>