Microsoft Visual Studio Solution File, Format Version 12.00
# Visual Studio 14
VisualStudioVersion = 14.0.25420.1
MinimumVisualStudioVersion = 10.0.40219.1
Project("{8BC9CEB8-8B4A-11D0-8D11-00A0C91BC942}") = "XR_3DA", "xr_3da\XR_3DA.vcxproj", "{2578C6D8-660D-48AE-9322-7422F8664F06}"
	ProjectSection(ProjectDependencies) = postProject
		{D6AEA327-48BC-45C8-B0E9-BF775E451904} = {D6AEA327-48BC-45C8-B0E9-BF775E451904}
	EndProjectSection
EndProject
Project("{8BC9CEB8-8B4A-11D0-8D11-00A0C91BC942}") = "xrCPU_Pipe", "xrCPU_Pipe\xrCPU_Pipe.vcxproj", "{CA0649DD-D089-423A-981C-46B57A884EB9}"
EndProject
Project("{8BC9CEB8-8B4A-11D0-8D11-00A0C91BC942}") = "xrGame", "xrGame\xrGame.vcxproj", "{200652A6-043E-4634-8837-87983B3BD5E0}"
	ProjectSection(ProjectDependencies) = postProject
		{1BF75FEB-87DD-486C-880B-227987D191C2} = {1BF75FEB-87DD-486C-880B-227987D191C2}
	EndProjectSection
EndProject
Project("{8BC9CEB8-8B4A-11D0-8D11-00A0C91BC942}") = "xrSound", "xrSound\xrSound.vcxproj", "{CCCA7859-EB86-493E-9B53-C4235F45B3C5}"
	ProjectSection(ProjectDependencies) = postProject
		{1659BF1B-6FCD-46E4-B5D4-0B760598CB2E} = {1659BF1B-6FCD-46E4-B5D4-0B760598CB2E}
		{DC6C7281-068A-4BEC-8A37-6613198345F5} = {DC6C7281-068A-4BEC-8A37-6613198345F5}
		{CEBDE98B-A6AA-46E6-BC79-FAAF823DB9EC} = {CEBDE98B-A6AA-46E6-BC79-FAAF823DB9EC}
		{ED1DE89D-A3E6-4FEE-ABC7-E1B2E3EB8013} = {ED1DE89D-A3E6-4FEE-ABC7-E1B2E3EB8013}
		{0F3163C6-FAE6-4FBD-BF88-037EB0420DAF} = {0F3163C6-FAE6-4FBD-BF88-037EB0420DAF}
	EndProjectSection
EndProject
Project("{8BC9CEB8-8B4A-11D0-8D11-00A0C91BC942}") = "xrCore", "xrCore\xrCore.vcxproj", "{A0F7D1FB-59A7-4717-A7E4-96F37E91998E}"
	ProjectSection(ProjectDependencies) = postProject
		{1B71D5DF-C005-4B3F-822A-345255173F0B} = {1B71D5DF-C005-4B3F-822A-345255173F0B}
	EndProjectSection
EndProject
Project("{8BC9CEB8-8B4A-11D0-8D11-00A0C91BC942}") = "xrCDB", "xrCDB\xrCDB.vcxproj", "{A19B1DF2-82EC-4364-8BDF-85D13A1C89B5}"
EndProject
Project("{8BC9CEB8-8B4A-11D0-8D11-00A0C91BC942}") = "xrRender", "Layers\xrRender_R2\xrRender_R2.vcxproj", "{963BA4E5-499A-454D-B002-1D5ECE0527A6}"
EndProject
Project("{8BC9CEB8-8B4A-11D0-8D11-00A0C91BC942}") = "xrXMLParser", "xrXMLParser\xrXMLParser.vcxproj", "{94A1C366-3D19-48E6-8170-4ADC2E70DF98}"
EndProject
Project("{8BC9CEB8-8B4A-11D0-8D11-00A0C91BC942}") = "xrParticles", "xrParticles\xrParticles.vcxproj", "{94A1C366-3D19-48E6-8170-4ADC2E70DF97}"
EndProject
Project("{8BC9CEB8-8B4A-11D0-8D11-00A0C91BC942}") = "xrNetServer", "xrNetServer\xrNetServer.vcxproj", "{435BAC9A-B225-457D-AB40-C9BD0CC8838C}"
EndProject
Project("{8BC9CEB8-8B4A-11D0-8D11-00A0C91BC942}") = "xrGameSpy", "xrGameSpy\xrGameSpy.vcxproj", "{5535F6B4-7AE6-4B66-8AEA-CC31C14D7AB7}"
EndProject
Project("{2150E333-8FDC-42A3-9474-1A3956D46DE8}") = "Lua", "Lua", "{EF293583-AFED-4761-A72D-04F8BF122434}"
EndProject
Project("{8BC9CEB8-8B4A-11D0-8D11-00A0C91BC942}") = "LuaJIT", "LuaJIT\LuaJIT.vcxproj", "{94BE3D19-23D3-4D15-8B5C-41193885648C}"
EndProject
Project("{2150E333-8FDC-42A3-9474-1A3956D46DE8}") = "3rd_party", "3rd_party", "{BE403A7F-A504-4F35-9533-667213BD84DA}"
EndProject
Project("{8BC9CEB8-8B4A-11D0-8D11-00A0C91BC942}") = "lzo", "..\3rd_party\Src\lzo\lzo.vcxproj", "{1B71D5DF-C005-4B3F-822A-345255173F0B}"
EndProject
Project("{8BC9CEB8-8B4A-11D0-8D11-00A0C91BC942}") = "ode", "..\3rd_party\Src\ode\contrib\msvc7\ode_default\default.vcxproj", "{1BF75FEB-87DD-486C-880B-227987D191C2}"
EndProject
Project("{2150E333-8FDC-42A3-9474-1A3956D46DE8}") = "OpenAL", "OpenAL", "{DAAFA391-A0A5-451B-B4AA-B25B89E4D50E}"
EndProject
Project("{8BC9CEB8-8B4A-11D0-8D11-00A0C91BC942}") = "Router", "..\3rd_party\Src\OpenAL\Router\Router.vcxproj", "{ED1DE89D-A3E6-4FEE-ABC7-E1B2E3EB8013}"
EndProject
Project("{2150E333-8FDC-42A3-9474-1A3956D46DE8}") = "Xiph.org", "Xiph.org", "{A7B4E1BC-041A-47F7-A0CD-ED723E88EF00}"
EndProject
Project("{8BC9CEB8-8B4A-11D0-8D11-00A0C91BC942}") = "libogg_static", "..\3rd_party\Src\Xiph\libogg\win32\VS2010\libogg_static.vcxproj", "{1659BF1B-6FCD-46E4-B5D4-0B760598CB2E}"
EndProject
Project("{8BC9CEB8-8B4A-11D0-8D11-00A0C91BC942}") = "libtheora_static", "..\3rd_party\Src\Xiph\libtheora\win32\VS2010\libtheora_static.vcxproj", "{D6AEA327-48BC-45C8-B0E9-BF775E451904}"
EndProject
Project("{8BC9CEB8-8B4A-11D0-8D11-00A0C91BC942}") = "libvorbis_static", "..\3rd_party\Src\Xiph\libvorbis\win32\VS2010\libvorbis\libvorbis_static.vcxproj", "{0F3163C6-FAE6-4FBD-BF88-037EB0420DAF}"
EndProject
Project("{8BC9CEB8-8B4A-11D0-8D11-00A0C91BC942}") = "libvorbisfile_static", "..\3rd_party\Src\Xiph\libvorbis\win32\VS2010\libvorbisfile\libvorbisfile_static.vcxproj", "{CEBDE98B-A6AA-46E6-BC79-FAAF823DB9EC}"
EndProject
Project("{8BC9CEB8-8B4A-11D0-8D11-00A0C91BC942}") = "luabind", "Luabind\luabind.vcxproj", "{CCD4AFAE-AA10-42C6-A452-FDEE497CCDF1}"
	ProjectSection(ProjectDependencies) = postProject
		{A0F7D1FB-59A7-4717-A7E4-96F37E91998E} = {A0F7D1FB-59A7-4717-A7E4-96F37E91998E}
	EndProjectSection
EndProject
Project("{8BC9CEB8-8B4A-11D0-8D11-00A0C91BC942}") = "OpenAL32", "..\3rd_party\Src\OpenAL\OpenAL32\OpenAL32.vcxproj", "{DC6C7281-068A-4BEC-8A37-6613198345F5}"
	ProjectSection(ProjectDependencies) = postProject
		{ED1DE89D-A3E6-4FEE-ABC7-E1B2E3EB8013} = {ED1DE89D-A3E6-4FEE-ABC7-E1B2E3EB8013}
	EndProjectSection
EndProject
Global
	GlobalSection(SolutionConfigurationPlatforms) = preSolution
		Debug_Dedicated|Win32 = Debug_Dedicated|Win32
		Debug_Dedicated|x64 = Debug_Dedicated|x64
		Debug|Win32 = Debug|Win32
		Debug|x64 = Debug|x64
		Mixed_Dedicated|Win32 = Mixed_Dedicated|Win32
		Mixed_Dedicated|x64 = Mixed_Dedicated|x64
		Mixed|Win32 = Mixed|Win32
		Mixed|x64 = Mixed|x64
		Release_Dedicated|Win32 = Release_Dedicated|Win32
		Release_Dedicated|x64 = Release_Dedicated|x64
		Release_SDK|Win32 = Release_SDK|Win32
		Release_SDK|x64 = Release_SDK|x64
		Release|Win32 = Release|Win32
		Release|x64 = Release|x64
	EndGlobalSection
	GlobalSection(ProjectConfigurationPlatforms) = postSolution
		{2578C6D8-660D-48AE-9322-7422F8664F06}.Debug_Dedicated|Win32.ActiveCfg = Debug_Dedicated|Win32
		{2578C6D8-660D-48AE-9322-7422F8664F06}.Debug_Dedicated|Win32.Build.0 = Debug_Dedicated|Win32
		{2578C6D8-660D-48AE-9322-7422F8664F06}.Debug_Dedicated|x64.ActiveCfg = Debug_Dedicated|x64
		{2578C6D8-660D-48AE-9322-7422F8664F06}.Debug_Dedicated|x64.Build.0 = Debug_Dedicated|x64
		{2578C6D8-660D-48AE-9322-7422F8664F06}.Debug|Win32.ActiveCfg = Debug|Win32
		{2578C6D8-660D-48AE-9322-7422F8664F06}.Debug|Win32.Build.0 = Debug|Win32
		{2578C6D8-660D-48AE-9322-7422F8664F06}.Debug|x64.ActiveCfg = Debug|x64
		{2578C6D8-660D-48AE-9322-7422F8664F06}.Debug|x64.Build.0 = Debug|x64
		{2578C6D8-660D-48AE-9322-7422F8664F06}.Mixed_Dedicated|Win32.ActiveCfg = Mixed_Dedicated|Win32
		{2578C6D8-660D-48AE-9322-7422F8664F06}.Mixed_Dedicated|Win32.Build.0 = Mixed_Dedicated|Win32
		{2578C6D8-660D-48AE-9322-7422F8664F06}.Mixed_Dedicated|x64.ActiveCfg = Mixed_Dedicated|x64
		{2578C6D8-660D-48AE-9322-7422F8664F06}.Mixed_Dedicated|x64.Build.0 = Mixed_Dedicated|x64
		{2578C6D8-660D-48AE-9322-7422F8664F06}.Mixed|Win32.ActiveCfg = Mixed|Win32
		{2578C6D8-660D-48AE-9322-7422F8664F06}.Mixed|Win32.Build.0 = Mixed|Win32
		{2578C6D8-660D-48AE-9322-7422F8664F06}.Mixed|x64.ActiveCfg = Mixed|x64
		{2578C6D8-660D-48AE-9322-7422F8664F06}.Mixed|x64.Build.0 = Mixed|x64
		{2578C6D8-660D-48AE-9322-7422F8664F06}.Release_Dedicated|Win32.ActiveCfg = Release_Dedicated|Win32
		{2578C6D8-660D-48AE-9322-7422F8664F06}.Release_Dedicated|Win32.Build.0 = Release_Dedicated|Win32
		{2578C6D8-660D-48AE-9322-7422F8664F06}.Release_Dedicated|x64.ActiveCfg = Release_Dedicated|x64
		{2578C6D8-660D-48AE-9322-7422F8664F06}.Release_Dedicated|x64.Build.0 = Release_Dedicated|x64
		{2578C6D8-660D-48AE-9322-7422F8664F06}.Release_SDK|Win32.ActiveCfg = Release|Win32
		{2578C6D8-660D-48AE-9322-7422F8664F06}.Release_SDK|x64.ActiveCfg = Release_Dedicated|x64
		{2578C6D8-660D-48AE-9322-7422F8664F06}.Release_SDK|x64.Build.0 = Release_Dedicated|x64
		{2578C6D8-660D-48AE-9322-7422F8664F06}.Release|Win32.ActiveCfg = Release|Win32
		{2578C6D8-660D-48AE-9322-7422F8664F06}.Release|Win32.Build.0 = Release|Win32
		{2578C6D8-660D-48AE-9322-7422F8664F06}.Release|x64.ActiveCfg = Release|x64
		{CA0649DD-D089-423A-981C-46B57A884EB9}.Debug_Dedicated|Win32.ActiveCfg = Debug|Win32
		{CA0649DD-D089-423A-981C-46B57A884EB9}.Debug_Dedicated|x64.ActiveCfg = Debug|x64
		{CA0649DD-D089-423A-981C-46B57A884EB9}.Debug_Dedicated|x64.Build.0 = Debug|x64
		{CA0649DD-D089-423A-981C-46B57A884EB9}.Debug|Win32.ActiveCfg = Debug|Win32
		{CA0649DD-D089-423A-981C-46B57A884EB9}.Debug|Win32.Build.0 = Debug|Win32
		{CA0649DD-D089-423A-981C-46B57A884EB9}.Debug|x64.ActiveCfg = Debug|x64
		{CA0649DD-D089-423A-981C-46B57A884EB9}.Debug|x64.Build.0 = Debug|x64
		{CA0649DD-D089-423A-981C-46B57A884EB9}.Mixed_Dedicated|Win32.ActiveCfg = Mixed|Win32
		{CA0649DD-D089-423A-981C-46B57A884EB9}.Mixed_Dedicated|x64.ActiveCfg = Mixed|x64
		{CA0649DD-D089-423A-981C-46B57A884EB9}.Mixed_Dedicated|x64.Build.0 = Mixed|x64
		{CA0649DD-D089-423A-981C-46B57A884EB9}.Mixed|Win32.ActiveCfg = Mixed|Win32
		{CA0649DD-D089-423A-981C-46B57A884EB9}.Mixed|Win32.Build.0 = Mixed|Win32
		{CA0649DD-D089-423A-981C-46B57A884EB9}.Mixed|x64.ActiveCfg = Mixed|x64
		{CA0649DD-D089-423A-981C-46B57A884EB9}.Mixed|x64.Build.0 = Mixed|x64
		{CA0649DD-D089-423A-981C-46B57A884EB9}.Release_Dedicated|Win32.ActiveCfg = Release|Win32
		{CA0649DD-D089-423A-981C-46B57A884EB9}.Release_Dedicated|x64.ActiveCfg = Release|x64
		{CA0649DD-D089-423A-981C-46B57A884EB9}.Release_Dedicated|x64.Build.0 = Release|x64
		{CA0649DD-D089-423A-981C-46B57A884EB9}.Release_SDK|Win32.ActiveCfg = Release|Win32
		{CA0649DD-D089-423A-981C-46B57A884EB9}.Release_SDK|Win32.Build.0 = Release|Win32
		{CA0649DD-D089-423A-981C-46B57A884EB9}.Release_SDK|x64.ActiveCfg = Release|x64
		{CA0649DD-D089-423A-981C-46B57A884EB9}.Release_SDK|x64.Build.0 = Release|x64
		{CA0649DD-D089-423A-981C-46B57A884EB9}.Release|Win32.ActiveCfg = Release|Win32
		{CA0649DD-D089-423A-981C-46B57A884EB9}.Release|Win32.Build.0 = Release|Win32
		{CA0649DD-D089-423A-981C-46B57A884EB9}.Release|x64.ActiveCfg = Release|x64
		{200652A6-043E-4634-8837-87983B3BD5E0}.Debug_Dedicated|Win32.ActiveCfg = Debug|Win32
		{200652A6-043E-4634-8837-87983B3BD5E0}.Debug_Dedicated|x64.ActiveCfg = Debug|x64
		{200652A6-043E-4634-8837-87983B3BD5E0}.Debug_Dedicated|x64.Build.0 = Debug|x64
		{200652A6-043E-4634-8837-87983B3BD5E0}.Debug|Win32.ActiveCfg = Debug|Win32
		{200652A6-043E-4634-8837-87983B3BD5E0}.Debug|Win32.Build.0 = Debug|Win32
		{200652A6-043E-4634-8837-87983B3BD5E0}.Debug|x64.ActiveCfg = Debug|x64
		{200652A6-043E-4634-8837-87983B3BD5E0}.Debug|x64.Build.0 = Debug|x64
		{200652A6-043E-4634-8837-87983B3BD5E0}.Mixed_Dedicated|Win32.ActiveCfg = Mixed|Win32
		{200652A6-043E-4634-8837-87983B3BD5E0}.Mixed_Dedicated|x64.ActiveCfg = Mixed|x64
		{200652A6-043E-4634-8837-87983B3BD5E0}.Mixed_Dedicated|x64.Build.0 = Mixed|x64
		{200652A6-043E-4634-8837-87983B3BD5E0}.Mixed|Win32.ActiveCfg = Debug|Win32
		{200652A6-043E-4634-8837-87983B3BD5E0}.Mixed|Win32.Build.0 = Debug|Win32
		{200652A6-043E-4634-8837-87983B3BD5E0}.Mixed|x64.ActiveCfg = Mixed|x64
		{200652A6-043E-4634-8837-87983B3BD5E0}.Mixed|x64.Build.0 = Mixed|x64
		{200652A6-043E-4634-8837-87983B3BD5E0}.Release_Dedicated|Win32.ActiveCfg = Release|Win32
		{200652A6-043E-4634-8837-87983B3BD5E0}.Release_Dedicated|x64.ActiveCfg = Release|x64
		{200652A6-043E-4634-8837-87983B3BD5E0}.Release_Dedicated|x64.Build.0 = Release|x64
		{200652A6-043E-4634-8837-87983B3BD5E0}.Release_SDK|Win32.ActiveCfg = Release|Win32
		{200652A6-043E-4634-8837-87983B3BD5E0}.Release_SDK|x64.ActiveCfg = Release|x64
		{200652A6-043E-4634-8837-87983B3BD5E0}.Release_SDK|x64.Build.0 = Release|x64
		{200652A6-043E-4634-8837-87983B3BD5E0}.Release|Win32.ActiveCfg = Release|Win32
		{200652A6-043E-4634-8837-87983B3BD5E0}.Release|Win32.Build.0 = Release|Win32
		{200652A6-043E-4634-8837-87983B3BD5E0}.Release|x64.ActiveCfg = Release|x64
		{CCCA7859-EB86-493E-9B53-C4235F45B3C5}.Debug_Dedicated|Win32.ActiveCfg = Debug|Win32
		{CCCA7859-EB86-493E-9B53-C4235F45B3C5}.Debug_Dedicated|x64.ActiveCfg = Debug|x64
		{CCCA7859-EB86-493E-9B53-C4235F45B3C5}.Debug_Dedicated|x64.Build.0 = Debug|x64
		{CCCA7859-EB86-493E-9B53-C4235F45B3C5}.Debug_Dedicated|x64.Deploy.0 = Debug|x64
		{CCCA7859-EB86-493E-9B53-C4235F45B3C5}.Debug|Win32.ActiveCfg = Debug|Win32
		{CCCA7859-EB86-493E-9B53-C4235F45B3C5}.Debug|Win32.Build.0 = Debug|Win32
		{CCCA7859-EB86-493E-9B53-C4235F45B3C5}.Debug|x64.ActiveCfg = Debug|x64
		{CCCA7859-EB86-493E-9B53-C4235F45B3C5}.Debug|x64.Build.0 = Debug|x64
		{CCCA7859-EB86-493E-9B53-C4235F45B3C5}.Mixed_Dedicated|Win32.ActiveCfg = Mixed|Win32
		{CCCA7859-EB86-493E-9B53-C4235F45B3C5}.Mixed_Dedicated|x64.ActiveCfg = Mixed|x64
		{CCCA7859-EB86-493E-9B53-C4235F45B3C5}.Mixed_Dedicated|x64.Build.0 = Mixed|x64
		{CCCA7859-EB86-493E-9B53-C4235F45B3C5}.Mixed|Win32.ActiveCfg = Mixed|Win32
		{CCCA7859-EB86-493E-9B53-C4235F45B3C5}.Mixed|Win32.Build.0 = Mixed|Win32
		{CCCA7859-EB86-493E-9B53-C4235F45B3C5}.Mixed|x64.ActiveCfg = Mixed|x64
		{CCCA7859-EB86-493E-9B53-C4235F45B3C5}.Mixed|x64.Build.0 = Mixed|x64
		{CCCA7859-EB86-493E-9B53-C4235F45B3C5}.Release_Dedicated|Win32.ActiveCfg = Release|Win32
		{CCCA7859-EB86-493E-9B53-C4235F45B3C5}.Release_Dedicated|x64.ActiveCfg = Release|x64
		{CCCA7859-EB86-493E-9B53-C4235F45B3C5}.Release_Dedicated|x64.Build.0 = Release|x64
		{CCCA7859-EB86-493E-9B53-C4235F45B3C5}.Release_SDK|Win32.ActiveCfg = Release|Win32
		{CCCA7859-EB86-493E-9B53-C4235F45B3C5}.Release_SDK|x64.ActiveCfg = Release|x64
		{CCCA7859-EB86-493E-9B53-C4235F45B3C5}.Release_SDK|x64.Build.0 = Release|x64
		{CCCA7859-EB86-493E-9B53-C4235F45B3C5}.Release|Win32.ActiveCfg = Release|Win32
		{CCCA7859-EB86-493E-9B53-C4235F45B3C5}.Release|Win32.Build.0 = Release|Win32
		{CCCA7859-EB86-493E-9B53-C4235F45B3C5}.Release|x64.ActiveCfg = Release|x64
		{A0F7D1FB-59A7-4717-A7E4-96F37E91998E}.Debug_Dedicated|Win32.ActiveCfg = Debug|Win32
		{A0F7D1FB-59A7-4717-A7E4-96F37E91998E}.Debug_Dedicated|x64.ActiveCfg = Debug|x64
		{A0F7D1FB-59A7-4717-A7E4-96F37E91998E}.Debug_Dedicated|x64.Build.0 = Debug|x64
		{A0F7D1FB-59A7-4717-A7E4-96F37E91998E}.Debug|Win32.ActiveCfg = Debug|Win32
		{A0F7D1FB-59A7-4717-A7E4-96F37E91998E}.Debug|Win32.Build.0 = Debug|Win32
		{A0F7D1FB-59A7-4717-A7E4-96F37E91998E}.Debug|x64.ActiveCfg = Debug|x64
		{A0F7D1FB-59A7-4717-A7E4-96F37E91998E}.Debug|x64.Build.0 = Debug|x64
		{A0F7D1FB-59A7-4717-A7E4-96F37E91998E}.Mixed_Dedicated|Win32.ActiveCfg = Mixed|Win32
		{A0F7D1FB-59A7-4717-A7E4-96F37E91998E}.Mixed_Dedicated|x64.ActiveCfg = Mixed|x64
		{A0F7D1FB-59A7-4717-A7E4-96F37E91998E}.Mixed_Dedicated|x64.Build.0 = Mixed|x64
		{A0F7D1FB-59A7-4717-A7E4-96F37E91998E}.Mixed|Win32.ActiveCfg = Mixed|Win32
		{A0F7D1FB-59A7-4717-A7E4-96F37E91998E}.Mixed|Win32.Build.0 = Mixed|Win32
		{A0F7D1FB-59A7-4717-A7E4-96F37E91998E}.Mixed|x64.ActiveCfg = Mixed|x64
		{A0F7D1FB-59A7-4717-A7E4-96F37E91998E}.Mixed|x64.Build.0 = Mixed|x64
		{A0F7D1FB-59A7-4717-A7E4-96F37E91998E}.Release_Dedicated|Win32.ActiveCfg = Release|Win32
		{A0F7D1FB-59A7-4717-A7E4-96F37E91998E}.Release_Dedicated|x64.ActiveCfg = Release|x64
		{A0F7D1FB-59A7-4717-A7E4-96F37E91998E}.Release_Dedicated|x64.Build.0 = Release|x64
		{A0F7D1FB-59A7-4717-A7E4-96F37E91998E}.Release_SDK|Win32.ActiveCfg = Release|Win32
		{A0F7D1FB-59A7-4717-A7E4-96F37E91998E}.Release_SDK|Win32.Build.0 = Release|Win32
		{A0F7D1FB-59A7-4717-A7E4-96F37E91998E}.Release_SDK|x64.ActiveCfg = Release|x64
		{A0F7D1FB-59A7-4717-A7E4-96F37E91998E}.Release_SDK|x64.Build.0 = Release|x64
		{A0F7D1FB-59A7-4717-A7E4-96F37E91998E}.Release|Win32.ActiveCfg = Release|Win32
		{A0F7D1FB-59A7-4717-A7E4-96F37E91998E}.Release|Win32.Build.0 = Release|Win32
		{A0F7D1FB-59A7-4717-A7E4-96F37E91998E}.Release|x64.ActiveCfg = Release|x64
		{A0F7D1FB-59A7-4717-A7E4-96F37E91998E}.Release|x64.Build.0 = Release|x64
		{A19B1DF2-82EC-4364-8BDF-85D13A1C89B5}.Debug_Dedicated|Win32.ActiveCfg = Debug|Win32
		{A19B1DF2-82EC-4364-8BDF-85D13A1C89B5}.Debug_Dedicated|x64.ActiveCfg = Debug|x64
		{A19B1DF2-82EC-4364-8BDF-85D13A1C89B5}.Debug_Dedicated|x64.Build.0 = Debug|x64
		{A19B1DF2-82EC-4364-8BDF-85D13A1C89B5}.Debug|Win32.ActiveCfg = Debug|Win32
		{A19B1DF2-82EC-4364-8BDF-85D13A1C89B5}.Debug|Win32.Build.0 = Debug|Win32
		{A19B1DF2-82EC-4364-8BDF-85D13A1C89B5}.Debug|x64.ActiveCfg = Debug|x64
		{A19B1DF2-82EC-4364-8BDF-85D13A1C89B5}.Debug|x64.Build.0 = Debug|x64
		{A19B1DF2-82EC-4364-8BDF-85D13A1C89B5}.Mixed_Dedicated|Win32.ActiveCfg = Mixed|Win32
		{A19B1DF2-82EC-4364-8BDF-85D13A1C89B5}.Mixed_Dedicated|x64.ActiveCfg = Mixed|x64
		{A19B1DF2-82EC-4364-8BDF-85D13A1C89B5}.Mixed_Dedicated|x64.Build.0 = Mixed|x64
		{A19B1DF2-82EC-4364-8BDF-85D13A1C89B5}.Mixed|Win32.ActiveCfg = Mixed|Win32
		{A19B1DF2-82EC-4364-8BDF-85D13A1C89B5}.Mixed|Win32.Build.0 = Mixed|Win32
		{A19B1DF2-82EC-4364-8BDF-85D13A1C89B5}.Mixed|x64.ActiveCfg = Mixed|x64
		{A19B1DF2-82EC-4364-8BDF-85D13A1C89B5}.Mixed|x64.Build.0 = Mixed|x64
		{A19B1DF2-82EC-4364-8BDF-85D13A1C89B5}.Release_Dedicated|Win32.ActiveCfg = Release|Win32
		{A19B1DF2-82EC-4364-8BDF-85D13A1C89B5}.Release_Dedicated|x64.ActiveCfg = Release|x64
		{A19B1DF2-82EC-4364-8BDF-85D13A1C89B5}.Release_Dedicated|x64.Build.0 = Release|x64
		{A19B1DF2-82EC-4364-8BDF-85D13A1C89B5}.Release_SDK|Win32.ActiveCfg = Release|Win32
		{A19B1DF2-82EC-4364-8BDF-85D13A1C89B5}.Release_SDK|Win32.Build.0 = Release|Win32
		{A19B1DF2-82EC-4364-8BDF-85D13A1C89B5}.Release_SDK|x64.ActiveCfg = Release|x64
		{A19B1DF2-82EC-4364-8BDF-85D13A1C89B5}.Release_SDK|x64.Build.0 = Release|x64
		{A19B1DF2-82EC-4364-8BDF-85D13A1C89B5}.Release|Win32.ActiveCfg = Release|Win32
		{A19B1DF2-82EC-4364-8BDF-85D13A1C89B5}.Release|Win32.Build.0 = Release|Win32
		{A19B1DF2-82EC-4364-8BDF-85D13A1C89B5}.Release|x64.ActiveCfg = Release|x64
		{A19B1DF2-82EC-4364-8BDF-85D13A1C89B5}.Release|x64.Build.0 = Release|x64
		{963BA4E5-499A-454D-B002-1D5ECE0527A6}.Debug_Dedicated|Win32.ActiveCfg = Debug|Win32
		{963BA4E5-499A-454D-B002-1D5ECE0527A6}.Debug_Dedicated|x64.ActiveCfg = Debug|x64
		{963BA4E5-499A-454D-B002-1D5ECE0527A6}.Debug_Dedicated|x64.Build.0 = Debug|x64
		{963BA4E5-499A-454D-B002-1D5ECE0527A6}.Debug|Win32.ActiveCfg = Debug|Win32
		{963BA4E5-499A-454D-B002-1D5ECE0527A6}.Debug|Win32.Build.0 = Debug|Win32
		{963BA4E5-499A-454D-B002-1D5ECE0527A6}.Debug|x64.ActiveCfg = Debug|x64
		{963BA4E5-499A-454D-B002-1D5ECE0527A6}.Debug|x64.Build.0 = Debug|x64
		{963BA4E5-499A-454D-B002-1D5ECE0527A6}.Mixed_Dedicated|Win32.ActiveCfg = Mixed|Win32
		{963BA4E5-499A-454D-B002-1D5ECE0527A6}.Mixed_Dedicated|x64.ActiveCfg = Mixed|x64
		{963BA4E5-499A-454D-B002-1D5ECE0527A6}.Mixed_Dedicated|x64.Build.0 = Mixed|x64
		{963BA4E5-499A-454D-B002-1D5ECE0527A6}.Mixed|Win32.ActiveCfg = Mixed|Win32
		{963BA4E5-499A-454D-B002-1D5ECE0527A6}.Mixed|Win32.Build.0 = Mixed|Win32
		{963BA4E5-499A-454D-B002-1D5ECE0527A6}.Mixed|x64.ActiveCfg = Mixed|x64
		{963BA4E5-499A-454D-B002-1D5ECE0527A6}.Mixed|x64.Build.0 = Mixed|x64
		{963BA4E5-499A-454D-B002-1D5ECE0527A6}.Release_Dedicated|Win32.ActiveCfg = Release|Win32
		{963BA4E5-499A-454D-B002-1D5ECE0527A6}.Release_Dedicated|x64.ActiveCfg = Release|x64
		{963BA4E5-499A-454D-B002-1D5ECE0527A6}.Release_Dedicated|x64.Build.0 = Release|x64
		{963BA4E5-499A-454D-B002-1D5ECE0527A6}.Release_SDK|Win32.ActiveCfg = Release|Win32
		{963BA4E5-499A-454D-B002-1D5ECE0527A6}.Release_SDK|x64.ActiveCfg = Release|x64
		{963BA4E5-499A-454D-B002-1D5ECE0527A6}.Release_SDK|x64.Build.0 = Release|x64
		{963BA4E5-499A-454D-B002-1D5ECE0527A6}.Release|Win32.ActiveCfg = Release|Win32
		{963BA4E5-499A-454D-B002-1D5ECE0527A6}.Release|Win32.Build.0 = Release|Win32
		{963BA4E5-499A-454D-B002-1D5ECE0527A6}.Release|x64.ActiveCfg = Release|x64
		{94A1C366-3D19-48E6-8170-4ADC2E70DF98}.Debug_Dedicated|Win32.ActiveCfg = Debug|Win32
		{94A1C366-3D19-48E6-8170-4ADC2E70DF98}.Debug_Dedicated|x64.ActiveCfg = Debug|x64
		{94A1C366-3D19-48E6-8170-4ADC2E70DF98}.Debug_Dedicated|x64.Build.0 = Debug|x64
		{94A1C366-3D19-48E6-8170-4ADC2E70DF98}.Debug_Dedicated|x64.Deploy.0 = Debug|x64
		{94A1C366-3D19-48E6-8170-4ADC2E70DF98}.Debug|Win32.ActiveCfg = Debug|Win32
		{94A1C366-3D19-48E6-8170-4ADC2E70DF98}.Debug|Win32.Build.0 = Debug|Win32
		{94A1C366-3D19-48E6-8170-4ADC2E70DF98}.Debug|x64.ActiveCfg = Debug|x64
		{94A1C366-3D19-48E6-8170-4ADC2E70DF98}.Debug|x64.Build.0 = Debug|x64
		{94A1C366-3D19-48E6-8170-4ADC2E70DF98}.Mixed_Dedicated|Win32.ActiveCfg = Mixed|Win32
		{94A1C366-3D19-48E6-8170-4ADC2E70DF98}.Mixed_Dedicated|x64.ActiveCfg = Mixed|x64
		{94A1C366-3D19-48E6-8170-4ADC2E70DF98}.Mixed_Dedicated|x64.Build.0 = Mixed|x64
		{94A1C366-3D19-48E6-8170-4ADC2E70DF98}.Mixed|Win32.ActiveCfg = Mixed|Win32
		{94A1C366-3D19-48E6-8170-4ADC2E70DF98}.Mixed|Win32.Build.0 = Mixed|Win32
		{94A1C366-3D19-48E6-8170-4ADC2E70DF98}.Mixed|x64.ActiveCfg = Mixed|x64
		{94A1C366-3D19-48E6-8170-4ADC2E70DF98}.Mixed|x64.Build.0 = Mixed|x64
		{94A1C366-3D19-48E6-8170-4ADC2E70DF98}.Release_Dedicated|Win32.ActiveCfg = Release|Win32
		{94A1C366-3D19-48E6-8170-4ADC2E70DF98}.Release_Dedicated|x64.ActiveCfg = Release|x64
		{94A1C366-3D19-48E6-8170-4ADC2E70DF98}.Release_Dedicated|x64.Build.0 = Release|x64
		{94A1C366-3D19-48E6-8170-4ADC2E70DF98}.Release_SDK|Win32.ActiveCfg = Release|Win32
		{94A1C366-3D19-48E6-8170-4ADC2E70DF98}.Release_SDK|x64.ActiveCfg = Release|x64
		{94A1C366-3D19-48E6-8170-4ADC2E70DF98}.Release_SDK|x64.Build.0 = Release|x64
		{94A1C366-3D19-48E6-8170-4ADC2E70DF98}.Release|Win32.ActiveCfg = Release|Win32
		{94A1C366-3D19-48E6-8170-4ADC2E70DF98}.Release|Win32.Build.0 = Release|Win32
		{94A1C366-3D19-48E6-8170-4ADC2E70DF98}.Release|x64.ActiveCfg = Release|x64
		{94A1C366-3D19-48E6-8170-4ADC2E70DF97}.Debug_Dedicated|Win32.ActiveCfg = Debug|Win32
		{94A1C366-3D19-48E6-8170-4ADC2E70DF97}.Debug_Dedicated|x64.ActiveCfg = Debug|x64
		{94A1C366-3D19-48E6-8170-4ADC2E70DF97}.Debug_Dedicated|x64.Build.0 = Debug|x64
		{94A1C366-3D19-48E6-8170-4ADC2E70DF97}.Debug|Win32.ActiveCfg = Debug|Win32
		{94A1C366-3D19-48E6-8170-4ADC2E70DF97}.Debug|Win32.Build.0 = Debug|Win32
		{94A1C366-3D19-48E6-8170-4ADC2E70DF97}.Debug|x64.ActiveCfg = Debug|x64
		{94A1C366-3D19-48E6-8170-4ADC2E70DF97}.Debug|x64.Build.0 = Debug|x64
		{94A1C366-3D19-48E6-8170-4ADC2E70DF97}.Mixed_Dedicated|Win32.ActiveCfg = Mixed|Win32
		{94A1C366-3D19-48E6-8170-4ADC2E70DF97}.Mixed_Dedicated|x64.ActiveCfg = Mixed|x64
		{94A1C366-3D19-48E6-8170-4ADC2E70DF97}.Mixed_Dedicated|x64.Build.0 = Mixed|x64
		{94A1C366-3D19-48E6-8170-4ADC2E70DF97}.Mixed|Win32.ActiveCfg = Mixed|Win32
		{94A1C366-3D19-48E6-8170-4ADC2E70DF97}.Mixed|Win32.Build.0 = Mixed|Win32
		{94A1C366-3D19-48E6-8170-4ADC2E70DF97}.Mixed|x64.ActiveCfg = Mixed|x64
		{94A1C366-3D19-48E6-8170-4ADC2E70DF97}.Mixed|x64.Build.0 = Mixed|x64
		{94A1C366-3D19-48E6-8170-4ADC2E70DF97}.Release_Dedicated|Win32.ActiveCfg = Release|Win32
		{94A1C366-3D19-48E6-8170-4ADC2E70DF97}.Release_Dedicated|x64.ActiveCfg = Release|x64
		{94A1C366-3D19-48E6-8170-4ADC2E70DF97}.Release_Dedicated|x64.Build.0 = Release|x64
		{94A1C366-3D19-48E6-8170-4ADC2E70DF97}.Release_SDK|Win32.ActiveCfg = Release|Win32
		{94A1C366-3D19-48E6-8170-4ADC2E70DF97}.Release_SDK|x64.ActiveCfg = Release|x64
		{94A1C366-3D19-48E6-8170-4ADC2E70DF97}.Release_SDK|x64.Build.0 = Release|x64
		{94A1C366-3D19-48E6-8170-4ADC2E70DF97}.Release|Win32.ActiveCfg = Release|Win32
		{94A1C366-3D19-48E6-8170-4ADC2E70DF97}.Release|Win32.Build.0 = Release|Win32
		{94A1C366-3D19-48E6-8170-4ADC2E70DF97}.Release|x64.ActiveCfg = Release|x64
		{435BAC9A-B225-457D-AB40-C9BD0CC8838C}.Debug_Dedicated|Win32.ActiveCfg = Debug|Win32
		{435BAC9A-B225-457D-AB40-C9BD0CC8838C}.Debug_Dedicated|x64.ActiveCfg = Debug|x64
		{435BAC9A-B225-457D-AB40-C9BD0CC8838C}.Debug_Dedicated|x64.Build.0 = Debug|x64
		{435BAC9A-B225-457D-AB40-C9BD0CC8838C}.Debug|Win32.ActiveCfg = Debug|Win32
		{435BAC9A-B225-457D-AB40-C9BD0CC8838C}.Debug|Win32.Build.0 = Debug|Win32
		{435BAC9A-B225-457D-AB40-C9BD0CC8838C}.Debug|x64.ActiveCfg = Debug|x64
		{435BAC9A-B225-457D-AB40-C9BD0CC8838C}.Debug|x64.Build.0 = Debug|x64
		{435BAC9A-B225-457D-AB40-C9BD0CC8838C}.Mixed_Dedicated|Win32.ActiveCfg = Mixed|Win32
		{435BAC9A-B225-457D-AB40-C9BD0CC8838C}.Mixed_Dedicated|x64.ActiveCfg = Mixed|x64
		{435BAC9A-B225-457D-AB40-C9BD0CC8838C}.Mixed_Dedicated|x64.Build.0 = Mixed|x64
		{435BAC9A-B225-457D-AB40-C9BD0CC8838C}.Mixed|Win32.ActiveCfg = Mixed|Win32
		{435BAC9A-B225-457D-AB40-C9BD0CC8838C}.Mixed|Win32.Build.0 = Mixed|Win32
		{435BAC9A-B225-457D-AB40-C9BD0CC8838C}.Mixed|x64.ActiveCfg = Mixed|x64
		{435BAC9A-B225-457D-AB40-C9BD0CC8838C}.Mixed|x64.Build.0 = Mixed|x64
		{435BAC9A-B225-457D-AB40-C9BD0CC8838C}.Release_Dedicated|Win32.ActiveCfg = Release|Win32
		{435BAC9A-B225-457D-AB40-C9BD0CC8838C}.Release_Dedicated|x64.ActiveCfg = Release|x64
		{435BAC9A-B225-457D-AB40-C9BD0CC8838C}.Release_Dedicated|x64.Build.0 = Release|x64
		{435BAC9A-B225-457D-AB40-C9BD0CC8838C}.Release_SDK|Win32.ActiveCfg = Release|Win32
		{435BAC9A-B225-457D-AB40-C9BD0CC8838C}.Release_SDK|x64.ActiveCfg = Release|x64
		{435BAC9A-B225-457D-AB40-C9BD0CC8838C}.Release_SDK|x64.Build.0 = Release|x64
		{435BAC9A-B225-457D-AB40-C9BD0CC8838C}.Release|Win32.ActiveCfg = Release|Win32
		{435BAC9A-B225-457D-AB40-C9BD0CC8838C}.Release|Win32.Build.0 = Release|Win32
		{435BAC9A-B225-457D-AB40-C9BD0CC8838C}.Release|x64.ActiveCfg = Release|x64
		{5535F6B4-7AE6-4B66-8AEA-CC31C14D7AB7}.Debug_Dedicated|Win32.ActiveCfg = Debug|Win32
		{5535F6B4-7AE6-4B66-8AEA-CC31C14D7AB7}.Debug_Dedicated|x64.ActiveCfg = Debug|x64
		{5535F6B4-7AE6-4B66-8AEA-CC31C14D7AB7}.Debug_Dedicated|x64.Build.0 = Debug|x64
		{5535F6B4-7AE6-4B66-8AEA-CC31C14D7AB7}.Debug|Win32.ActiveCfg = Debug|Win32
		{5535F6B4-7AE6-4B66-8AEA-CC31C14D7AB7}.Debug|Win32.Build.0 = Debug|Win32
		{5535F6B4-7AE6-4B66-8AEA-CC31C14D7AB7}.Debug|x64.ActiveCfg = Debug|x64
		{5535F6B4-7AE6-4B66-8AEA-CC31C14D7AB7}.Debug|x64.Build.0 = Debug|x64
		{5535F6B4-7AE6-4B66-8AEA-CC31C14D7AB7}.Mixed_Dedicated|Win32.ActiveCfg = Release|Win32
		{5535F6B4-7AE6-4B66-8AEA-CC31C14D7AB7}.Mixed_Dedicated|x64.ActiveCfg = Release|x64
		{5535F6B4-7AE6-4B66-8AEA-CC31C14D7AB7}.Mixed_Dedicated|x64.Build.0 = Release|x64
		{5535F6B4-7AE6-4B66-8AEA-CC31C14D7AB7}.Mixed|Win32.ActiveCfg = Debug|Win32
		{5535F6B4-7AE6-4B66-8AEA-CC31C14D7AB7}.Mixed|Win32.Build.0 = Debug|Win32
		{5535F6B4-7AE6-4B66-8AEA-CC31C14D7AB7}.Mixed|x64.ActiveCfg = Release|x64
		{5535F6B4-7AE6-4B66-8AEA-CC31C14D7AB7}.Mixed|x64.Build.0 = Release|x64
		{5535F6B4-7AE6-4B66-8AEA-CC31C14D7AB7}.Release_Dedicated|Win32.ActiveCfg = Release|Win32
		{5535F6B4-7AE6-4B66-8AEA-CC31C14D7AB7}.Release_Dedicated|x64.ActiveCfg = Release|x64
		{5535F6B4-7AE6-4B66-8AEA-CC31C14D7AB7}.Release_Dedicated|x64.Build.0 = Release|x64
		{5535F6B4-7AE6-4B66-8AEA-CC31C14D7AB7}.Release_SDK|Win32.ActiveCfg = Release|Win32
		{5535F6B4-7AE6-4B66-8AEA-CC31C14D7AB7}.Release_SDK|x64.ActiveCfg = Release|x64
		{5535F6B4-7AE6-4B66-8AEA-CC31C14D7AB7}.Release_SDK|x64.Build.0 = Release|x64
		{5535F6B4-7AE6-4B66-8AEA-CC31C14D7AB7}.Release|Win32.ActiveCfg = Release|Win32
		{5535F6B4-7AE6-4B66-8AEA-CC31C14D7AB7}.Release|Win32.Build.0 = Release|Win32
		{5535F6B4-7AE6-4B66-8AEA-CC31C14D7AB7}.Release|x64.ActiveCfg = Release|x64
		{94BE3D19-23D3-4D15-8B5C-41193885648C}.Debug_Dedicated|Win32.ActiveCfg = Debug|Win32
		{94BE3D19-23D3-4D15-8B5C-41193885648C}.Debug_Dedicated|Win32.Build.0 = Debug|Win32
		{94BE3D19-23D3-4D15-8B5C-41193885648C}.Debug_Dedicated|x64.ActiveCfg = Debug|Win32
		{94BE3D19-23D3-4D15-8B5C-41193885648C}.Debug|Win32.ActiveCfg = Debug|Win32
		{94BE3D19-23D3-4D15-8B5C-41193885648C}.Debug|Win32.Build.0 = Debug|Win32
		{94BE3D19-23D3-4D15-8B5C-41193885648C}.Debug|x64.ActiveCfg = Debug|Win32
		{94BE3D19-23D3-4D15-8B5C-41193885648C}.Mixed_Dedicated|Win32.ActiveCfg = Release|Win32
		{94BE3D19-23D3-4D15-8B5C-41193885648C}.Mixed_Dedicated|Win32.Build.0 = Release|Win32
		{94BE3D19-23D3-4D15-8B5C-41193885648C}.Mixed_Dedicated|x64.ActiveCfg = Release|Win32
		{94BE3D19-23D3-4D15-8B5C-41193885648C}.Mixed|Win32.ActiveCfg = Release|Win32
		{94BE3D19-23D3-4D15-8B5C-41193885648C}.Mixed|Win32.Build.0 = Release|Win32
		{94BE3D19-23D3-4D15-8B5C-41193885648C}.Mixed|x64.ActiveCfg = Release|Win32
		{94BE3D19-23D3-4D15-8B5C-41193885648C}.Release_Dedicated|Win32.ActiveCfg = Release|Win32
		{94BE3D19-23D3-4D15-8B5C-41193885648C}.Release_Dedicated|Win32.Build.0 = Release|Win32
		{94BE3D19-23D3-4D15-8B5C-41193885648C}.Release_Dedicated|x64.ActiveCfg = Release|Win32
		{94BE3D19-23D3-4D15-8B5C-41193885648C}.Release_SDK|Win32.ActiveCfg = Release|Win32
		{94BE3D19-23D3-4D15-8B5C-41193885648C}.Release_SDK|x64.ActiveCfg = Release|Win32
		{94BE3D19-23D3-4D15-8B5C-41193885648C}.Release_SDK|x64.Build.0 = Release|Win32
		{94BE3D19-23D3-4D15-8B5C-41193885648C}.Release|Win32.ActiveCfg = Release|Win32
		{94BE3D19-23D3-4D15-8B5C-41193885648C}.Release|Win32.Build.0 = Release|Win32
		{94BE3D19-23D3-4D15-8B5C-41193885648C}.Release|x64.ActiveCfg = Release|Win32
		{1B71D5DF-C005-4B3F-822A-345255173F0B}.Debug_Dedicated|Win32.ActiveCfg = Debug|Win32
		{1B71D5DF-C005-4B3F-822A-345255173F0B}.Debug_Dedicated|Win32.Build.0 = Debug|Win32
		{1B71D5DF-C005-4B3F-822A-345255173F0B}.Debug_Dedicated|x64.ActiveCfg = Debug|x64
		{1B71D5DF-C005-4B3F-822A-345255173F0B}.Debug_Dedicated|x64.Build.0 = Debug|x64
		{1B71D5DF-C005-4B3F-822A-345255173F0B}.Debug|Win32.ActiveCfg = Debug|Win32
		{1B71D5DF-C005-4B3F-822A-345255173F0B}.Debug|Win32.Build.0 = Debug|Win32
		{1B71D5DF-C005-4B3F-822A-345255173F0B}.Debug|x64.ActiveCfg = Debug|x64
		{1B71D5DF-C005-4B3F-822A-345255173F0B}.Debug|x64.Build.0 = Debug|x64
		{1B71D5DF-C005-4B3F-822A-345255173F0B}.Mixed_Dedicated|Win32.ActiveCfg = Release|Win32
		{1B71D5DF-C005-4B3F-822A-345255173F0B}.Mixed_Dedicated|Win32.Build.0 = Release|Win32
		{1B71D5DF-C005-4B3F-822A-345255173F0B}.Mixed_Dedicated|x64.ActiveCfg = Release|x64
		{1B71D5DF-C005-4B3F-822A-345255173F0B}.Mixed_Dedicated|x64.Build.0 = Release|x64
		{1B71D5DF-C005-4B3F-822A-345255173F0B}.Mixed|Win32.ActiveCfg = Release|Win32
		{1B71D5DF-C005-4B3F-822A-345255173F0B}.Mixed|Win32.Build.0 = Release|Win32
		{1B71D5DF-C005-4B3F-822A-345255173F0B}.Mixed|x64.ActiveCfg = Release|x64
		{1B71D5DF-C005-4B3F-822A-345255173F0B}.Mixed|x64.Build.0 = Release|x64
		{1B71D5DF-C005-4B3F-822A-345255173F0B}.Release_Dedicated|Win32.ActiveCfg = Release|Win32
		{1B71D5DF-C005-4B3F-822A-345255173F0B}.Release_Dedicated|Win32.Build.0 = Release|Win32
		{1B71D5DF-C005-4B3F-822A-345255173F0B}.Release_Dedicated|x64.ActiveCfg = Release|x64
		{1B71D5DF-C005-4B3F-822A-345255173F0B}.Release_Dedicated|x64.Build.0 = Release|x64
		{1B71D5DF-C005-4B3F-822A-345255173F0B}.Release_SDK|Win32.ActiveCfg = Release|Win32
		{1B71D5DF-C005-4B3F-822A-345255173F0B}.Release_SDK|Win32.Build.0 = Release|Win32
		{1B71D5DF-C005-4B3F-822A-345255173F0B}.Release_SDK|x64.ActiveCfg = Release|x64
		{1B71D5DF-C005-4B3F-822A-345255173F0B}.Release_SDK|x64.Build.0 = Release|x64
		{1B71D5DF-C005-4B3F-822A-345255173F0B}.Release|Win32.ActiveCfg = Release|Win32
		{1B71D5DF-C005-4B3F-822A-345255173F0B}.Release|Win32.Build.0 = Release|Win32
		{1B71D5DF-C005-4B3F-822A-345255173F0B}.Release|x64.ActiveCfg = Release|x64
		{1B71D5DF-C005-4B3F-822A-345255173F0B}.Release|x64.Build.0 = Release|x64
		{1BF75FEB-87DD-486C-880B-227987D191C2}.Debug_Dedicated|Win32.ActiveCfg = Debug|Win32
		{1BF75FEB-87DD-486C-880B-227987D191C2}.Debug_Dedicated|Win32.Build.0 = Debug|Win32
		{1BF75FEB-87DD-486C-880B-227987D191C2}.Debug_Dedicated|x64.ActiveCfg = Debug|x64
		{1BF75FEB-87DD-486C-880B-227987D191C2}.Debug_Dedicated|x64.Build.0 = Debug|x64
		{1BF75FEB-87DD-486C-880B-227987D191C2}.Debug|Win32.ActiveCfg = Debug|Win32
		{1BF75FEB-87DD-486C-880B-227987D191C2}.Debug|Win32.Build.0 = Debug|Win32
		{1BF75FEB-87DD-486C-880B-227987D191C2}.Debug|x64.ActiveCfg = Debug|x64
		{1BF75FEB-87DD-486C-880B-227987D191C2}.Debug|x64.Build.0 = Debug|x64
		{1BF75FEB-87DD-486C-880B-227987D191C2}.Mixed_Dedicated|Win32.ActiveCfg = Mixed|Win32
		{1BF75FEB-87DD-486C-880B-227987D191C2}.Mixed_Dedicated|Win32.Build.0 = Mixed|Win32
		{1BF75FEB-87DD-486C-880B-227987D191C2}.Mixed_Dedicated|x64.ActiveCfg = Mixed|x64
		{1BF75FEB-87DD-486C-880B-227987D191C2}.Mixed_Dedicated|x64.Build.0 = Mixed|x64
		{1BF75FEB-87DD-486C-880B-227987D191C2}.Mixed|Win32.ActiveCfg = Mixed|Win32
		{1BF75FEB-87DD-486C-880B-227987D191C2}.Mixed|Win32.Build.0 = Mixed|Win32
		{1BF75FEB-87DD-486C-880B-227987D191C2}.Mixed|x64.ActiveCfg = Mixed|x64
		{1BF75FEB-87DD-486C-880B-227987D191C2}.Mixed|x64.Build.0 = Mixed|x64
		{1BF75FEB-87DD-486C-880B-227987D191C2}.Release_Dedicated|Win32.ActiveCfg = Release|Win32
		{1BF75FEB-87DD-486C-880B-227987D191C2}.Release_Dedicated|Win32.Build.0 = Release|Win32
		{1BF75FEB-87DD-486C-880B-227987D191C2}.Release_Dedicated|x64.ActiveCfg = Release|x64
		{1BF75FEB-87DD-486C-880B-227987D191C2}.Release_Dedicated|x64.Build.0 = Release|x64
		{1BF75FEB-87DD-486C-880B-227987D191C2}.Release_SDK|Win32.ActiveCfg = Release|Win32
		{1BF75FEB-87DD-486C-880B-227987D191C2}.Release_SDK|Win32.Build.0 = Release|Win32
		{1BF75FEB-87DD-486C-880B-227987D191C2}.Release_SDK|x64.ActiveCfg = Release|x64
		{1BF75FEB-87DD-486C-880B-227987D191C2}.Release_SDK|x64.Build.0 = Release|x64
		{1BF75FEB-87DD-486C-880B-227987D191C2}.Release|Win32.ActiveCfg = Release|Win32
		{1BF75FEB-87DD-486C-880B-227987D191C2}.Release|Win32.Build.0 = Release|Win32
		{1BF75FEB-87DD-486C-880B-227987D191C2}.Release|x64.ActiveCfg = Release|x64
		{1BF75FEB-87DD-486C-880B-227987D191C2}.Release|x64.Build.0 = Release|x64
		{ED1DE89D-A3E6-4FEE-ABC7-E1B2E3EB8013}.Debug_Dedicated|Win32.ActiveCfg = Debug|Win32
		{ED1DE89D-A3E6-4FEE-ABC7-E1B2E3EB8013}.Debug_Dedicated|Win32.Build.0 = Debug|Win32
		{ED1DE89D-A3E6-4FEE-ABC7-E1B2E3EB8013}.Debug_Dedicated|x64.ActiveCfg = Debug|x64
		{ED1DE89D-A3E6-4FEE-ABC7-E1B2E3EB8013}.Debug_Dedicated|x64.Build.0 = Debug|x64
		{ED1DE89D-A3E6-4FEE-ABC7-E1B2E3EB8013}.Debug|Win32.ActiveCfg = Debug|Win32
		{ED1DE89D-A3E6-4FEE-ABC7-E1B2E3EB8013}.Debug|Win32.Build.0 = Debug|Win32
		{ED1DE89D-A3E6-4FEE-ABC7-E1B2E3EB8013}.Debug|x64.ActiveCfg = Debug|x64
		{ED1DE89D-A3E6-4FEE-ABC7-E1B2E3EB8013}.Debug|x64.Build.0 = Debug|x64
		{ED1DE89D-A3E6-4FEE-ABC7-E1B2E3EB8013}.Mixed_Dedicated|Win32.ActiveCfg = Release|Win32
		{ED1DE89D-A3E6-4FEE-ABC7-E1B2E3EB8013}.Mixed_Dedicated|Win32.Build.0 = Release|Win32
		{ED1DE89D-A3E6-4FEE-ABC7-E1B2E3EB8013}.Mixed_Dedicated|x64.ActiveCfg = Release|x64
		{ED1DE89D-A3E6-4FEE-ABC7-E1B2E3EB8013}.Mixed_Dedicated|x64.Build.0 = Release|x64
		{ED1DE89D-A3E6-4FEE-ABC7-E1B2E3EB8013}.Mixed|Win32.ActiveCfg = Release|Win32
		{ED1DE89D-A3E6-4FEE-ABC7-E1B2E3EB8013}.Mixed|Win32.Build.0 = Release|Win32
		{ED1DE89D-A3E6-4FEE-ABC7-E1B2E3EB8013}.Mixed|x64.ActiveCfg = Release|x64
		{ED1DE89D-A3E6-4FEE-ABC7-E1B2E3EB8013}.Mixed|x64.Build.0 = Release|x64
		{ED1DE89D-A3E6-4FEE-ABC7-E1B2E3EB8013}.Release_Dedicated|Win32.ActiveCfg = Release|Win32
		{ED1DE89D-A3E6-4FEE-ABC7-E1B2E3EB8013}.Release_Dedicated|Win32.Build.0 = Release|Win32
		{ED1DE89D-A3E6-4FEE-ABC7-E1B2E3EB8013}.Release_Dedicated|x64.ActiveCfg = Release|x64
		{ED1DE89D-A3E6-4FEE-ABC7-E1B2E3EB8013}.Release_Dedicated|x64.Build.0 = Release|x64
		{ED1DE89D-A3E6-4FEE-ABC7-E1B2E3EB8013}.Release_SDK|Win32.ActiveCfg = Release|Win32
		{ED1DE89D-A3E6-4FEE-ABC7-E1B2E3EB8013}.Release_SDK|Win32.Build.0 = Release|Win32
		{ED1DE89D-A3E6-4FEE-ABC7-E1B2E3EB8013}.Release_SDK|x64.ActiveCfg = Release|x64
		{ED1DE89D-A3E6-4FEE-ABC7-E1B2E3EB8013}.Release_SDK|x64.Build.0 = Release|x64
		{ED1DE89D-A3E6-4FEE-ABC7-E1B2E3EB8013}.Release|Win32.ActiveCfg = Release|Win32
		{ED1DE89D-A3E6-4FEE-ABC7-E1B2E3EB8013}.Release|Win32.Build.0 = Release|Win32
		{ED1DE89D-A3E6-4FEE-ABC7-E1B2E3EB8013}.Release|x64.ActiveCfg = Release|x64
		{ED1DE89D-A3E6-4FEE-ABC7-E1B2E3EB8013}.Release|x64.Build.0 = Release|x64
		{1659BF1B-6FCD-46E4-B5D4-0B760598CB2E}.Debug_Dedicated|Win32.ActiveCfg = Debug|Win32
		{1659BF1B-6FCD-46E4-B5D4-0B760598CB2E}.Debug_Dedicated|Win32.Build.0 = Debug|Win32
		{1659BF1B-6FCD-46E4-B5D4-0B760598CB2E}.Debug_Dedicated|x64.ActiveCfg = Debug|x64
		{1659BF1B-6FCD-46E4-B5D4-0B760598CB2E}.Debug_Dedicated|x64.Build.0 = Debug|x64
		{1659BF1B-6FCD-46E4-B5D4-0B760598CB2E}.Debug|Win32.ActiveCfg = Debug|Win32
		{1659BF1B-6FCD-46E4-B5D4-0B760598CB2E}.Debug|Win32.Build.0 = Debug|Win32
		{1659BF1B-6FCD-46E4-B5D4-0B760598CB2E}.Debug|x64.ActiveCfg = Debug|x64
		{1659BF1B-6FCD-46E4-B5D4-0B760598CB2E}.Debug|x64.Build.0 = Debug|x64
		{1659BF1B-6FCD-46E4-B5D4-0B760598CB2E}.Mixed_Dedicated|Win32.ActiveCfg = Release|Win32
		{1659BF1B-6FCD-46E4-B5D4-0B760598CB2E}.Mixed_Dedicated|Win32.Build.0 = Release|Win32
		{1659BF1B-6FCD-46E4-B5D4-0B760598CB2E}.Mixed_Dedicated|x64.ActiveCfg = Release|x64
		{1659BF1B-6FCD-46E4-B5D4-0B760598CB2E}.Mixed_Dedicated|x64.Build.0 = Release|x64
		{1659BF1B-6FCD-46E4-B5D4-0B760598CB2E}.Mixed|Win32.ActiveCfg = Release|Win32
		{1659BF1B-6FCD-46E4-B5D4-0B760598CB2E}.Mixed|Win32.Build.0 = Release|Win32
		{1659BF1B-6FCD-46E4-B5D4-0B760598CB2E}.Mixed|x64.ActiveCfg = Release|x64
		{1659BF1B-6FCD-46E4-B5D4-0B760598CB2E}.Mixed|x64.Build.0 = Release|x64
		{1659BF1B-6FCD-46E4-B5D4-0B760598CB2E}.Release_Dedicated|Win32.ActiveCfg = Release|Win32
		{1659BF1B-6FCD-46E4-B5D4-0B760598CB2E}.Release_Dedicated|Win32.Build.0 = Release|Win32
		{1659BF1B-6FCD-46E4-B5D4-0B760598CB2E}.Release_Dedicated|x64.ActiveCfg = Release|x64
		{1659BF1B-6FCD-46E4-B5D4-0B760598CB2E}.Release_Dedicated|x64.Build.0 = Release|x64
		{1659BF1B-6FCD-46E4-B5D4-0B760598CB2E}.Release_SDK|Win32.ActiveCfg = Release|Win32
		{1659BF1B-6FCD-46E4-B5D4-0B760598CB2E}.Release_SDK|Win32.Build.0 = Release|Win32
		{1659BF1B-6FCD-46E4-B5D4-0B760598CB2E}.Release_SDK|x64.ActiveCfg = Release|x64
		{1659BF1B-6FCD-46E4-B5D4-0B760598CB2E}.Release_SDK|x64.Build.0 = Release|x64
		{1659BF1B-6FCD-46E4-B5D4-0B760598CB2E}.Release|Win32.ActiveCfg = Release|Win32
		{1659BF1B-6FCD-46E4-B5D4-0B760598CB2E}.Release|Win32.Build.0 = Release|Win32
		{1659BF1B-6FCD-46E4-B5D4-0B760598CB2E}.Release|x64.ActiveCfg = Release|x64
		{1659BF1B-6FCD-46E4-B5D4-0B760598CB2E}.Release|x64.Build.0 = Release|x64
		{D6AEA327-48BC-45C8-B0E9-BF775E451904}.Debug_Dedicated|Win32.ActiveCfg = Debug|Win32
		{D6AEA327-48BC-45C8-B0E9-BF775E451904}.Debug_Dedicated|Win32.Build.0 = Debug|Win32
		{D6AEA327-48BC-45C8-B0E9-BF775E451904}.Debug_Dedicated|x64.ActiveCfg = Debug|x64
		{D6AEA327-48BC-45C8-B0E9-BF775E451904}.Debug_Dedicated|x64.Build.0 = Debug|x64
		{D6AEA327-48BC-45C8-B0E9-BF775E451904}.Debug|Win32.ActiveCfg = Debug|Win32
		{D6AEA327-48BC-45C8-B0E9-BF775E451904}.Debug|Win32.Build.0 = Debug|Win32
		{D6AEA327-48BC-45C8-B0E9-BF775E451904}.Debug|x64.ActiveCfg = Debug|x64
		{D6AEA327-48BC-45C8-B0E9-BF775E451904}.Debug|x64.Build.0 = Debug|x64
		{D6AEA327-48BC-45C8-B0E9-BF775E451904}.Mixed_Dedicated|Win32.ActiveCfg = Release|Win32
		{D6AEA327-48BC-45C8-B0E9-BF775E451904}.Mixed_Dedicated|Win32.Build.0 = Release|Win32
		{D6AEA327-48BC-45C8-B0E9-BF775E451904}.Mixed_Dedicated|x64.ActiveCfg = Release|x64
		{D6AEA327-48BC-45C8-B0E9-BF775E451904}.Mixed_Dedicated|x64.Build.0 = Release|x64
		{D6AEA327-48BC-45C8-B0E9-BF775E451904}.Mixed|Win32.ActiveCfg = Release|Win32
		{D6AEA327-48BC-45C8-B0E9-BF775E451904}.Mixed|Win32.Build.0 = Release|Win32
		{D6AEA327-48BC-45C8-B0E9-BF775E451904}.Mixed|x64.ActiveCfg = Release|x64
		{D6AEA327-48BC-45C8-B0E9-BF775E451904}.Mixed|x64.Build.0 = Release|x64
		{D6AEA327-48BC-45C8-B0E9-BF775E451904}.Release_Dedicated|Win32.ActiveCfg = Release|Win32
		{D6AEA327-48BC-45C8-B0E9-BF775E451904}.Release_Dedicated|Win32.Build.0 = Release|Win32
		{D6AEA327-48BC-45C8-B0E9-BF775E451904}.Release_Dedicated|x64.ActiveCfg = Release|x64
		{D6AEA327-48BC-45C8-B0E9-BF775E451904}.Release_Dedicated|x64.Build.0 = Release|x64
		{D6AEA327-48BC-45C8-B0E9-BF775E451904}.Release_SDK|Win32.ActiveCfg = Release|Win32
		{D6AEA327-48BC-45C8-B0E9-BF775E451904}.Release_SDK|Win32.Build.0 = Release|Win32
		{D6AEA327-48BC-45C8-B0E9-BF775E451904}.Release_SDK|x64.ActiveCfg = Release|x64
		{D6AEA327-48BC-45C8-B0E9-BF775E451904}.Release_SDK|x64.Build.0 = Release|x64
		{D6AEA327-48BC-45C8-B0E9-BF775E451904}.Release|Win32.ActiveCfg = Release|Win32
		{D6AEA327-48BC-45C8-B0E9-BF775E451904}.Release|Win32.Build.0 = Release|Win32
		{D6AEA327-48BC-45C8-B0E9-BF775E451904}.Release|x64.ActiveCfg = Release|x64
		{D6AEA327-48BC-45C8-B0E9-BF775E451904}.Release|x64.Build.0 = Release|x64
		{0F3163C6-FAE6-4FBD-BF88-037EB0420DAF}.Debug_Dedicated|Win32.ActiveCfg = Debug|Win32
		{0F3163C6-FAE6-4FBD-BF88-037EB0420DAF}.Debug_Dedicated|Win32.Build.0 = Debug|Win32
		{0F3163C6-FAE6-4FBD-BF88-037EB0420DAF}.Debug_Dedicated|x64.ActiveCfg = Debug|x64
		{0F3163C6-FAE6-4FBD-BF88-037EB0420DAF}.Debug_Dedicated|x64.Build.0 = Debug|x64
		{0F3163C6-FAE6-4FBD-BF88-037EB0420DAF}.Debug|Win32.ActiveCfg = Debug|Win32
		{0F3163C6-FAE6-4FBD-BF88-037EB0420DAF}.Debug|Win32.Build.0 = Debug|Win32
		{0F3163C6-FAE6-4FBD-BF88-037EB0420DAF}.Debug|x64.ActiveCfg = Debug|x64
		{0F3163C6-FAE6-4FBD-BF88-037EB0420DAF}.Debug|x64.Build.0 = Debug|x64
		{0F3163C6-FAE6-4FBD-BF88-037EB0420DAF}.Mixed_Dedicated|Win32.ActiveCfg = Release|Win32
		{0F3163C6-FAE6-4FBD-BF88-037EB0420DAF}.Mixed_Dedicated|Win32.Build.0 = Release|Win32
		{0F3163C6-FAE6-4FBD-BF88-037EB0420DAF}.Mixed_Dedicated|x64.ActiveCfg = Release|x64
		{0F3163C6-FAE6-4FBD-BF88-037EB0420DAF}.Mixed_Dedicated|x64.Build.0 = Release|x64
		{0F3163C6-FAE6-4FBD-BF88-037EB0420DAF}.Mixed|Win32.ActiveCfg = Release|Win32
		{0F3163C6-FAE6-4FBD-BF88-037EB0420DAF}.Mixed|Win32.Build.0 = Release|Win32
		{0F3163C6-FAE6-4FBD-BF88-037EB0420DAF}.Mixed|x64.ActiveCfg = Release|x64
		{0F3163C6-FAE6-4FBD-BF88-037EB0420DAF}.Mixed|x64.Build.0 = Release|x64
		{0F3163C6-FAE6-4FBD-BF88-037EB0420DAF}.Release_Dedicated|Win32.ActiveCfg = Release|Win32
		{0F3163C6-FAE6-4FBD-BF88-037EB0420DAF}.Release_Dedicated|Win32.Build.0 = Release|Win32
		{0F3163C6-FAE6-4FBD-BF88-037EB0420DAF}.Release_Dedicated|x64.ActiveCfg = Release|x64
		{0F3163C6-FAE6-4FBD-BF88-037EB0420DAF}.Release_Dedicated|x64.Build.0 = Release|x64
		{0F3163C6-FAE6-4FBD-BF88-037EB0420DAF}.Release_SDK|Win32.ActiveCfg = Release|Win32
		{0F3163C6-FAE6-4FBD-BF88-037EB0420DAF}.Release_SDK|Win32.Build.0 = Release|Win32
		{0F3163C6-FAE6-4FBD-BF88-037EB0420DAF}.Release_SDK|x64.ActiveCfg = Release|x64
		{0F3163C6-FAE6-4FBD-BF88-037EB0420DAF}.Release_SDK|x64.Build.0 = Release|x64
		{0F3163C6-FAE6-4FBD-BF88-037EB0420DAF}.Release|Win32.ActiveCfg = Release|Win32
		{0F3163C6-FAE6-4FBD-BF88-037EB0420DAF}.Release|Win32.Build.0 = Release|Win32
		{0F3163C6-FAE6-4FBD-BF88-037EB0420DAF}.Release|x64.ActiveCfg = Release|x64
		{0F3163C6-FAE6-4FBD-BF88-037EB0420DAF}.Release|x64.Build.0 = Release|x64
		{CEBDE98B-A6AA-46E6-BC79-FAAF823DB9EC}.Debug_Dedicated|Win32.ActiveCfg = Debug|Win32
		{CEBDE98B-A6AA-46E6-BC79-FAAF823DB9EC}.Debug_Dedicated|Win32.Build.0 = Debug|Win32
		{CEBDE98B-A6AA-46E6-BC79-FAAF823DB9EC}.Debug_Dedicated|x64.ActiveCfg = Debug|x64
		{CEBDE98B-A6AA-46E6-BC79-FAAF823DB9EC}.Debug_Dedicated|x64.Build.0 = Debug|x64
		{CEBDE98B-A6AA-46E6-BC79-FAAF823DB9EC}.Debug|Win32.ActiveCfg = Debug|Win32
		{CEBDE98B-A6AA-46E6-BC79-FAAF823DB9EC}.Debug|Win32.Build.0 = Debug|Win32
		{CEBDE98B-A6AA-46E6-BC79-FAAF823DB9EC}.Debug|x64.ActiveCfg = Debug|x64
		{CEBDE98B-A6AA-46E6-BC79-FAAF823DB9EC}.Debug|x64.Build.0 = Debug|x64
		{CEBDE98B-A6AA-46E6-BC79-FAAF823DB9EC}.Mixed_Dedicated|Win32.ActiveCfg = Release|Win32
		{CEBDE98B-A6AA-46E6-BC79-FAAF823DB9EC}.Mixed_Dedicated|Win32.Build.0 = Release|Win32
		{CEBDE98B-A6AA-46E6-BC79-FAAF823DB9EC}.Mixed_Dedicated|x64.ActiveCfg = Release|x64
		{CEBDE98B-A6AA-46E6-BC79-FAAF823DB9EC}.Mixed_Dedicated|x64.Build.0 = Release|x64
		{CEBDE98B-A6AA-46E6-BC79-FAAF823DB9EC}.Mixed|Win32.ActiveCfg = Release|Win32
		{CEBDE98B-A6AA-46E6-BC79-FAAF823DB9EC}.Mixed|Win32.Build.0 = Release|Win32
		{CEBDE98B-A6AA-46E6-BC79-FAAF823DB9EC}.Mixed|x64.ActiveCfg = Release|x64
		{CEBDE98B-A6AA-46E6-BC79-FAAF823DB9EC}.Mixed|x64.Build.0 = Release|x64
		{CEBDE98B-A6AA-46E6-BC79-FAAF823DB9EC}.Release_Dedicated|Win32.ActiveCfg = Release|Win32
		{CEBDE98B-A6AA-46E6-BC79-FAAF823DB9EC}.Release_Dedicated|Win32.Build.0 = Release|Win32
		{CEBDE98B-A6AA-46E6-BC79-FAAF823DB9EC}.Release_Dedicated|x64.ActiveCfg = Release|x64
		{CEBDE98B-A6AA-46E6-BC79-FAAF823DB9EC}.Release_Dedicated|x64.Build.0 = Release|x64
		{CEBDE98B-A6AA-46E6-BC79-FAAF823DB9EC}.Release_SDK|Win32.ActiveCfg = Release|Win32
		{CEBDE98B-A6AA-46E6-BC79-FAAF823DB9EC}.Release_SDK|Win32.Build.0 = Release|Win32
		{CEBDE98B-A6AA-46E6-BC79-FAAF823DB9EC}.Release_SDK|x64.ActiveCfg = Release|x64
		{CEBDE98B-A6AA-46E6-BC79-FAAF823DB9EC}.Release_SDK|x64.Build.0 = Release|x64
		{CEBDE98B-A6AA-46E6-BC79-FAAF823DB9EC}.Release|Win32.ActiveCfg = Release|Win32
		{CEBDE98B-A6AA-46E6-BC79-FAAF823DB9EC}.Release|Win32.Build.0 = Release|Win32
		{CEBDE98B-A6AA-46E6-BC79-FAAF823DB9EC}.Release|x64.ActiveCfg = Release|x64
		{CEBDE98B-A6AA-46E6-BC79-FAAF823DB9EC}.Release|x64.Build.0 = Release|x64
		{CCD4AFAE-AA10-42C6-A452-FDEE497CCDF1}.Debug_Dedicated|Win32.ActiveCfg = Release|Win32
		{CCD4AFAE-AA10-42C6-A452-FDEE497CCDF1}.Debug_Dedicated|Win32.Build.0 = Release|Win32
		{CCD4AFAE-AA10-42C6-A452-FDEE497CCDF1}.Debug_Dedicated|x64.ActiveCfg = Release|Win32
		{CCD4AFAE-AA10-42C6-A452-FDEE497CCDF1}.Debug_Dedicated|x64.Build.0 = Release|Win32
		{CCD4AFAE-AA10-42C6-A452-FDEE497CCDF1}.Debug|Win32.ActiveCfg = Release|Win32
		{CCD4AFAE-AA10-42C6-A452-FDEE497CCDF1}.Debug|Win32.Build.0 = Release|Win32
		{CCD4AFAE-AA10-42C6-A452-FDEE497CCDF1}.Debug|x64.ActiveCfg = Release|Win32
		{CCD4AFAE-AA10-42C6-A452-FDEE497CCDF1}.Debug|x64.Build.0 = Release|Win32
		{CCD4AFAE-AA10-42C6-A452-FDEE497CCDF1}.Mixed_Dedicated|Win32.ActiveCfg = Release|Win32
		{CCD4AFAE-AA10-42C6-A452-FDEE497CCDF1}.Mixed_Dedicated|Win32.Build.0 = Release|Win32
		{CCD4AFAE-AA10-42C6-A452-FDEE497CCDF1}.Mixed_Dedicated|x64.ActiveCfg = Release|Win32
		{CCD4AFAE-AA10-42C6-A452-FDEE497CCDF1}.Mixed_Dedicated|x64.Build.0 = Release|Win32
		{CCD4AFAE-AA10-42C6-A452-FDEE497CCDF1}.Mixed|Win32.ActiveCfg = Release|Win32
		{CCD4AFAE-AA10-42C6-A452-FDEE497CCDF1}.Mixed|Win32.Build.0 = Release|Win32
		{CCD4AFAE-AA10-42C6-A452-FDEE497CCDF1}.Mixed|x64.ActiveCfg = Release|Win32
		{CCD4AFAE-AA10-42C6-A452-FDEE497CCDF1}.Mixed|x64.Build.0 = Release|Win32
		{CCD4AFAE-AA10-42C6-A452-FDEE497CCDF1}.Release_Dedicated|Win32.ActiveCfg = Release|Win32
		{CCD4AFAE-AA10-42C6-A452-FDEE497CCDF1}.Release_Dedicated|Win32.Build.0 = Release|Win32
		{CCD4AFAE-AA10-42C6-A452-FDEE497CCDF1}.Release_Dedicated|x64.ActiveCfg = Release|Win32
		{CCD4AFAE-AA10-42C6-A452-FDEE497CCDF1}.Release_Dedicated|x64.Build.0 = Release|Win32
		{CCD4AFAE-AA10-42C6-A452-FDEE497CCDF1}.Release_SDK|Win32.ActiveCfg = Release|Win32
		{CCD4AFAE-AA10-42C6-A452-FDEE497CCDF1}.Release_SDK|Win32.Build.0 = Release|Win32
		{CCD4AFAE-AA10-42C6-A452-FDEE497CCDF1}.Release_SDK|x64.ActiveCfg = Release|Win32
		{CCD4AFAE-AA10-42C6-A452-FDEE497CCDF1}.Release_SDK|x64.Build.0 = Release|Win32
		{CCD4AFAE-AA10-42C6-A452-FDEE497CCDF1}.Release|Win32.ActiveCfg = Release|Win32
		{CCD4AFAE-AA10-42C6-A452-FDEE497CCDF1}.Release|Win32.Build.0 = Release|Win32
		{CCD4AFAE-AA10-42C6-A452-FDEE497CCDF1}.Release|x64.ActiveCfg = Release|Win32
		{DC6C7281-068A-4BEC-8A37-6613198345F5}.Debug_Dedicated|Win32.ActiveCfg = Debug|Win32
		{DC6C7281-068A-4BEC-8A37-6613198345F5}.Debug_Dedicated|Win32.Build.0 = Debug|Win32
		{DC6C7281-068A-4BEC-8A37-6613198345F5}.Debug_Dedicated|x64.ActiveCfg = Debug|x64
		{DC6C7281-068A-4BEC-8A37-6613198345F5}.Debug_Dedicated|x64.Build.0 = Debug|x64
		{DC6C7281-068A-4BEC-8A37-6613198345F5}.Debug|Win32.ActiveCfg = Debug|Win32
		{DC6C7281-068A-4BEC-8A37-6613198345F5}.Debug|Win32.Build.0 = Debug|Win32
		{DC6C7281-068A-4BEC-8A37-6613198345F5}.Debug|x64.ActiveCfg = Debug|x64
		{DC6C7281-068A-4BEC-8A37-6613198345F5}.Debug|x64.Build.0 = Debug|x64
		{DC6C7281-068A-4BEC-8A37-6613198345F5}.Mixed_Dedicated|Win32.ActiveCfg = Release|Win32
		{DC6C7281-068A-4BEC-8A37-6613198345F5}.Mixed_Dedicated|Win32.Build.0 = Release|Win32
		{DC6C7281-068A-4BEC-8A37-6613198345F5}.Mixed_Dedicated|x64.ActiveCfg = Release|x64
		{DC6C7281-068A-4BEC-8A37-6613198345F5}.Mixed_Dedicated|x64.Build.0 = Release|x64
		{DC6C7281-068A-4BEC-8A37-6613198345F5}.Mixed|Win32.ActiveCfg = Release|Win32
		{DC6C7281-068A-4BEC-8A37-6613198345F5}.Mixed|Win32.Build.0 = Release|Win32
		{DC6C7281-068A-4BEC-8A37-6613198345F5}.Mixed|x64.ActiveCfg = Release|x64
		{DC6C7281-068A-4BEC-8A37-6613198345F5}.Mixed|x64.Build.0 = Release|x64
		{DC6C7281-068A-4BEC-8A37-6613198345F5}.Release_Dedicated|Win32.ActiveCfg = Release|Win32
		{DC6C7281-068A-4BEC-8A37-6613198345F5}.Release_Dedicated|Win32.Build.0 = Release|Win32
		{DC6C7281-068A-4BEC-8A37-6613198345F5}.Release_Dedicated|x64.ActiveCfg = Release|x64
		{DC6C7281-068A-4BEC-8A37-6613198345F5}.Release_Dedicated|x64.Build.0 = Release|x64
		{DC6C7281-068A-4BEC-8A37-6613198345F5}.Release_SDK|Win32.ActiveCfg = Release|Win32
		{DC6C7281-068A-4BEC-8A37-6613198345F5}.Release_SDK|Win32.Build.0 = Release|Win32
		{DC6C7281-068A-4BEC-8A37-6613198345F5}.Release_SDK|x64.ActiveCfg = Release|x64
		{DC6C7281-068A-4BEC-8A37-6613198345F5}.Release_SDK|x64.Build.0 = Release|x64
		{DC6C7281-068A-4BEC-8A37-6613198345F5}.Release|Win32.ActiveCfg = Release|Win32
		{DC6C7281-068A-4BEC-8A37-6613198345F5}.Release|Win32.Build.0 = Release|Win32
		{DC6C7281-068A-4BEC-8A37-6613198345F5}.Release|x64.ActiveCfg = Release|x64
		{DC6C7281-068A-4BEC-8A37-6613198345F5}.Release|x64.Build.0 = Release|x64
	EndGlobalSection
	GlobalSection(SolutionProperties) = preSolution
		HideSolutionNode = FALSE
	EndGlobalSection
	GlobalSection(NestedProjects) = preSolution
		{94BE3D19-23D3-4D15-8B5C-41193885648C} = {EF293583-AFED-4761-A72D-04F8BF122434}
		{1B71D5DF-C005-4B3F-822A-345255173F0B} = {BE403A7F-A504-4F35-9533-667213BD84DA}
		{1BF75FEB-87DD-486C-880B-227987D191C2} = {BE403A7F-A504-4F35-9533-667213BD84DA}
		{DAAFA391-A0A5-451B-B4AA-B25B89E4D50E} = {BE403A7F-A504-4F35-9533-667213BD84DA}
		{ED1DE89D-A3E6-4FEE-ABC7-E1B2E3EB8013} = {DAAFA391-A0A5-451B-B4AA-B25B89E4D50E}
		{A7B4E1BC-041A-47F7-A0CD-ED723E88EF00} = {BE403A7F-A504-4F35-9533-667213BD84DA}
		{1659BF1B-6FCD-46E4-B5D4-0B760598CB2E} = {A7B4E1BC-041A-47F7-A0CD-ED723E88EF00}
		{D6AEA327-48BC-45C8-B0E9-BF775E451904} = {A7B4E1BC-041A-47F7-A0CD-ED723E88EF00}
		{0F3163C6-FAE6-4FBD-BF88-037EB0420DAF} = {A7B4E1BC-041A-47F7-A0CD-ED723E88EF00}
		{CEBDE98B-A6AA-46E6-BC79-FAAF823DB9EC} = {A7B4E1BC-041A-47F7-A0CD-ED723E88EF00}
		{CCD4AFAE-AA10-42C6-A452-FDEE497CCDF1} = {EF293583-AFED-4761-A72D-04F8BF122434}
		{DC6C7281-068A-4BEC-8A37-6613198345F5} = {DAAFA391-A0A5-451B-B4AA-B25B89E4D50E}
	EndGlobalSection
	GlobalSection(DPCodeReviewSolutionGUID) = preSolution
		DPCodeReviewSolutionGUID = {00000000-0000-0000-0000-000000000000}
	EndGlobalSection
EndGlobal
