<?xml version="1.0" encoding="utf-8"?>
<Project ToolsVersion="4.0" xmlns="http://schemas.microsoft.com/developer/msbuild/2003">
  <ItemGroup>
    <Filter Include="Kernel">
      <UniqueIdentifier>{6a2ed2a8-94b8-4412-8c9f-85a27b1ff12a}</UniqueIdentifier>
    </Filter>
    <Filter Include="SSE">
      <UniqueIdentifier>{313d07ee-d4b4-48f2-86f1-95fad97b483b}</UniqueIdentifier>
    </Filter>
  </ItemGroup>
  <ItemGroup>
    <ClCompile Include="StdAfx.cpp">
      <Filter>Kernel</Filter>
    </ClCompile>
    <ClCompile Include="xrCPU_Pipe.cpp">
      <Filter>Kernel</Filter>
    </ClCompile>
    <ClCompile Include="ttapi.cpp">
      <Filter>Kernel</Filter>
    </ClCompile>
    <ClCompile Include="xrSkinW_SSE.cpp">
      <Filter>SSE</Filter>
    </ClCompile>
    <ClCompile Include="xrSkin2W.cpp" />
  </ItemGroup>
  <ItemGroup>
    <ClInclude Include="StdAfx.h">
      <Filter>Kernel</Filter>
    </ClInclude>
    <ClInclude Include="xrCPU_Pipe.h">
      <Filter>Kernel</Filter>
    </ClInclude>
    <ClInclude Include="ttapi.h">
      <Filter>Kernel</Filter>
    </ClInclude>
  </ItemGroup>
</Project>