<?xml version="1.0" encoding="utf-8"?>
<Project ToolsVersion="4.0" xmlns="http://schemas.microsoft.com/developer/msbuild/2003">
  <ItemGroup>
    <Filter Include="Main">
      <UniqueIdentifier>{469deee3-5848-4fd3-8272-629259241d75}</UniqueIdentifier>
    </Filter>
    <Filter Include="Data">
      <UniqueIdentifier>{abe4fa26-65b4-45b3-8f4b-ce0d4d3c01ff}</UniqueIdentifier>
    </Filter>
  </ItemGroup>
  <ItemGroup>
    <ClCompile Include="StdAfx.cpp">
      <Filter>Main</Filter>
    </ClCompile>
    <ClCompile Include="xrCompress.cpp">
      <Filter>Main</Filter>
    </ClCompile>
  </ItemGroup>
  <ItemGroup>
    <ClInclude Include="StdAfx.h">
      <Filter>Main</Filter>
    </ClInclude>
  </ItemGroup>
  <ItemGroup>
    <None Include="xrCompress_Cfg.ltx">
      <Filter>Data</Filter>
    </None>
  </ItemGroup>
  <ItemGroup>
    <Text Include="xrCompress_Readme.txt">
      <Filter>Data</Filter>
    </Text>
  </ItemGroup>
</Project>